<?xml version="1.0" encoding="utf-8"?>
<Project ToolsVersion="17.0" xmlns="http://schemas.microsoft.com/developer/msbuild/2003">
  <ItemGroup>
    <ClCompile Include="C:\Workspace\tmiv_build\_deps\hm-src\source\Lib\libmd5\libmd5.c">
      <Filter>Source Files</Filter>
    </ClCompile>
  </ItemGroup>
  <ItemGroup>
    <ClInclude Include="C:\Workspace\tmiv_build\_deps\hm-src\source\Lib\libmd5\MD5.h">
      <Filter>Header Files</Filter>
    </ClInclude>
    <ClInclude Include="C:\Workspace\tmiv_build\_deps\hm-src\source\Lib\libmd5\libmd5.h">
      <Filter>Header Files</Filter>
    </ClInclude>
  </ItemGroup>
  <ItemGroup>
    <CustomBuild Include="\Workspace\tmiv\CMakeLists.txt" />
  </ItemGroup>
  <ItemGroup>
    <Filter Include="Header Files">
      <UniqueIdentifier>{6493894C-9A7B-3863-AAAC-22B4372800A2}</UniqueIdentifier>
    </Filter>
    <Filter Include="Source Files">
      <UniqueIdentifier>{7957CAB9-A2F5-3FEB-B5E2-348C4A842FFE}</UniqueIdentifier>
    </Filter>
  </ItemGroup>
</Project>
