
Microsoft Visual Studio Solution File, Format Version 12.00
# Visual Studio Version 17
Project("{2150E333-8FDC-42A3-9474-1A3956D46DE8}") = "CMakePredefinedTargets", "CMakePredefinedTargets", "{FFE77E05-B08D-39CB-B91A-F5E21FF547C0}"
EndProject
Project("{2150E333-8FDC-42A3-9474-1A3956D46DE8}") = "CTestDashboardTargets", "CTestDashboardTargets", "{9E459875-533F-3A24-B498-F8E4BAEF6F1F}"
EndProject
Project("{2150E333-8FDC-42A3-9474-1A3956D46DE8}") = "HM libraries", "HM libraries", "{B61301C9-5250-3CC0-840F-44EF985C9875}"
EndProject
Project("{2150E333-8FDC-42A3-9474-1A3956D46DE8}") = "TMIV executables", "TMIV executables", "{3596AE0B-74E1-39A0-8BD0-A16E15D81E4D}"
EndProject
Project("{2150E333-8FDC-42A3-9474-1A3956D46DE8}") = "TMIV libraries", "TMIV libraries", "{26BCC629-8911-3158-B578-E5809043E3D3}"
EndProject
Project("{2150E333-8FDC-42A3-9474-1A3956D46DE8}") = "TMIV tests", "TMIV tests", "{3C3BA7A2-2B47-32DD-97CA-3B540F414756}"
EndProject
Project("{2150E333-8FDC-42A3-9474-1A3956D46DE8}") = "Utilities", "Utilities", "{995C70A4-520D-3E06-8F32-3EAFC6784509}"
EndProject
Project("{2150E333-8FDC-42A3-9474-1A3956D46DE8}") = "VVenC", "VVenC", "{3A9F3463-001A-315C-BDC3-650542B3EBBC}"
EndProject
Project("{8BC9CEB8-8B4A-11D0-8D11-00A0C91BC942}") = "ALL_BUILD", "ALL_BUILD.vcxproj", "{F71346B3-5802-3005-A3FD-E2845BA07999}"
	ProjectSection(ProjectDependencies) = postProject
		{91EBD910-5119-3531-A33C-E1344EF45606} = {91EBD910-5119-3531-A33C-E1344EF45606}
		{F05982BB-5FE6-3D1B-BCFD-A2067C52D1AD} = {F05982BB-5FE6-3D1B-BCFD-A2067C52D1AD}
		{FD48F4B2-20CD-3032-94C8-47F76B793928} = {FD48F4B2-20CD-3032-94C8-47F76B793928}
		{1ACB3EC6-0A0D-3A17-81D7-0DFB241C3781} = {1ACB3EC6-0A0D-3A17-81D7-0DFB241C3781}
		{15170AAB-E2B4-397E-BE0D-CF0FC67848E1} = {15170AAB-E2B4-397E-BE0D-CF0FC67848E1}
		{D97B3E31-C243-32CF-A7D5-CF270D2C63FB} = {D97B3E31-C243-32CF-A7D5-CF270D2C63FB}
		{B2DBFA8E-19CA-3F65-BBBB-BE9FBCEABE1B} = {B2DBFA8E-19CA-3F65-BBBB-BE9FBCEABE1B}
		{8F55A5D8-5E2B-33BC-BBC4-8EA4FD32CDF5} = {8F55A5D8-5E2B-33BC-BBC4-8EA4FD32CDF5}
		{B51D5067-C603-36F9-B97D-292C1731C8CE} = {B51D5067-C603-36F9-B97D-292C1731C8CE}
		{6F389274-DEF2-35B5-A927-BEE526411781} = {6F389274-DEF2-35B5-A927-BEE526411781}
		{F043A444-DEC4-3B63-99D1-278DA1C346C4} = {F043A444-DEC4-3B63-99D1-278DA1C346C4}
		{53A0D821-3EF1-3791-9D13-C49F629F0504} = {53A0D821-3EF1-3791-9D13-C49F629F0504}
		{359148FD-75D5-3CA3-8811-1C65607905F6} = {359148FD-75D5-3CA3-8811-1C65607905F6}
		{468C6C44-E48E-392A-ACFE-7D689F6DEBAF} = {468C6C44-E48E-392A-ACFE-7D689F6DEBAF}
		{86637185-111D-38B3-9442-4695F8CC557C} = {86637185-111D-38B3-9442-4695F8CC557C}
		{5AA3EC82-2054-30C6-87EE-38A8CBC42296} = {5AA3EC82-2054-30C6-87EE-38A8CBC42296}
		{93443B69-52DA-3FCB-94BD-127D7B319A4A} = {93443B69-52DA-3FCB-94BD-127D7B319A4A}
		{FB385427-4F00-365E-82D0-7C7E739F0417} = {FB385427-4F00-365E-82D0-7C7E739F0417}
		{B29852D1-7B81-3142-8378-C2F83B4DE9F8} = {B29852D1-7B81-3142-8378-C2F83B4DE9F8}
		{023F2D63-FC86-38B1-99F2-5F3E061F5803} = {023F2D63-FC86-38B1-99F2-5F3E061F5803}
		{0DE81951-7BF5-39F5-BF21-35FF7D6D8C2C} = {0DE81951-7BF5-39F5-BF21-35FF7D6D8C2C}
		{1F9C7D8A-45B2-35A7-B8D9-0D526354231A} = {1F9C7D8A-45B2-35A7-B8D9-0D526354231A}
		{B1F7F96F-34D4-3D8F-B26C-823196F6CB3A} = {B1F7F96F-34D4-3D8F-B26C-823196F6CB3A}
		{B36E07F9-9ACC-38F8-9616-42A5ED1B869A} = {B36E07F9-9ACC-38F8-9616-42A5ED1B869A}
		{DCD1C2F4-B9AE-36DA-B777-42CB3EE7D377} = {DCD1C2F4-B9AE-36DA-B777-42CB3EE7D377}
		{EC2AFAD8-A4B5-3D8B-8011-DA3D28C1E36E} = {EC2AFAD8-A4B5-3D8B-8011-DA3D28C1E36E}
		{3D578225-DA94-3BD3-9AA3-6B25ACB2AAA5} = {3D578225-DA94-3BD3-9AA3-6B25ACB2AAA5}
		{E1C12B97-FA99-3FF9-A326-E47CA304ACE7} = {E1C12B97-FA99-3FF9-A326-E47CA304ACE7}
		{553D66C5-738C-3A98-ADA0-15733A1C7FD0} = {553D66C5-738C-3A98-ADA0-15733A1C7FD0}
		{2556B5F9-21AA-382B-8737-8291D2620803} = {2556B5F9-21AA-382B-8737-8291D2620803}
		{88297916-3ADF-35F5-AEE3-264976C54DF6} = {88297916-3ADF-35F5-AEE3-264976C54DF6}
		{C896AA6E-5EF7-3286-B175-D63659F75F2D} = {C896AA6E-5EF7-3286-B175-D63659F75F2D}
		{A541FCB8-55B4-381E-AEB4-560634A8850C} = {A541FCB8-55B4-381E-AEB4-560634A8850C}
		{AEA186D7-ED81-3857-87DA-B735B5A26613} = {AEA186D7-ED81-3857-87DA-B735B5A26613}
		{D58CF932-D8A7-33E8-B004-31223BA6EB53} = {D58CF932-D8A7-33E8-B004-31223BA6EB53}
		{4BD27149-7B49-356E-80D2-EE865B8C3AF9} = {4BD27149-7B49-356E-80D2-EE865B8C3AF9}
		{35A3DCBB-B94D-3647-8705-920D98469C10} = {35A3DCBB-B94D-3647-8705-920D98469C10}
		{D2B51E11-C1F8-3244-A7D5-09BB9D443978} = {D2B51E11-C1F8-3244-A7D5-09BB9D443978}
		{50E39159-3676-393D-8CF3-6648B54E10A1} = {50E39159-3676-393D-8CF3-6648B54E10A1}
		{DAAFB5C5-9254-33E1-A1C9-DBC2373836E1} = {DAAFB5C5-9254-33E1-A1C9-DBC2373836E1}
	EndProjectSection
EndProject
Project("{8BC9CEB8-8B4A-11D0-8D11-00A0C91BC942}") = "AggregatorLib", "source\Aggregator\AggregatorLib.vcxproj", "{91EBD910-5119-3531-A33C-E1344EF45606}"
	ProjectSection(ProjectDependencies) = postProject
		{FD48F4B2-20CD-3032-94C8-47F76B793928} = {FD48F4B2-20CD-3032-94C8-47F76B793928}
		{AEA186D7-ED81-3857-87DA-B735B5A26613} = {AEA186D7-ED81-3857-87DA-B735B5A26613}
		{D58CF932-D8A7-33E8-B004-31223BA6EB53} = {D58CF932-D8A7-33E8-B004-31223BA6EB53}
	EndProjectSection
EndProject
Project("{8BC9CEB8-8B4A-11D0-8D11-00A0C91BC942}") = "BitrateReport", "source\Parser\BitrateReport.vcxproj", "{F05982BB-5FE6-3D1B-BCFD-A2067C52D1AD}"
	ProjectSection(ProjectDependencies) = postProject
		{FD48F4B2-20CD-3032-94C8-47F76B793928} = {FD48F4B2-20CD-3032-94C8-47F76B793928}
		{359148FD-75D5-3CA3-8811-1C65607905F6} = {359148FD-75D5-3CA3-8811-1C65607905F6}
		{AEA186D7-ED81-3857-87DA-B735B5A26613} = {AEA186D7-ED81-3857-87DA-B735B5A26613}
		{D58CF932-D8A7-33E8-B004-31223BA6EB53} = {D58CF932-D8A7-33E8-B004-31223BA6EB53}
	EndProjectSection
EndProject
Project("{8BC9CEB8-8B4A-11D0-8D11-00A0C91BC942}") = "CommonLib", "source\Common\CommonLib.vcxproj", "{FD48F4B2-20CD-3032-94C8-47F76B793928}"
	ProjectSection(ProjectDependencies) = postProject
		{AEA186D7-ED81-3857-87DA-B735B5A26613} = {AEA186D7-ED81-3857-87DA-B735B5A26613}
		{D58CF932-D8A7-33E8-B004-31223BA6EB53} = {D58CF932-D8A7-33E8-B004-31223BA6EB53}
	EndProjectSection
EndProject
Project("{8BC9CEB8-8B4A-11D0-8D11-00A0C91BC942}") = "CommonTest", "source\Common\CommonTest.vcxproj", "{1ACB3EC6-0A0D-3A17-81D7-0DFB241C3781}"
	ProjectSection(ProjectDependencies) = postProject
		{FD48F4B2-20CD-3032-94C8-47F76B793928} = {FD48F4B2-20CD-3032-94C8-47F76B793928}
		{AEA186D7-ED81-3857-87DA-B735B5A26613} = {AEA186D7-ED81-3857-87DA-B735B5A26613}
		{D58CF932-D8A7-33E8-B004-31223BA6EB53} = {D58CF932-D8A7-33E8-B004-31223BA6EB53}
	EndProjectSection
EndProject
Project("{8BC9CEB8-8B4A-11D0-8D11-00A0C91BC942}") = "Continuous", "_deps\catch2-build\Continuous.vcxproj", "{1008A86F-6FAD-3931-A794-9B19F8CDF6A9}"
	ProjectSection(ProjectDependencies) = postProject
		{AEA186D7-ED81-3857-87DA-B735B5A26613} = {AEA186D7-ED81-3857-87DA-B735B5A26613}
	EndProjectSection
EndProject
Project("{8BC9CEB8-8B4A-11D0-8D11-00A0C91BC942}") = "Decoder", "source\Decoder\Decoder.vcxproj", "{15170AAB-E2B4-397E-BE0D-CF0FC67848E1}"
	ProjectSection(ProjectDependencies) = postProject
		{FD48F4B2-20CD-3032-94C8-47F76B793928} = {FD48F4B2-20CD-3032-94C8-47F76B793928}
		{D97B3E31-C243-32CF-A7D5-CF270D2C63FB} = {D97B3E31-C243-32CF-A7D5-CF270D2C63FB}
		{53A0D821-3EF1-3791-9D13-C49F629F0504} = {53A0D821-3EF1-3791-9D13-C49F629F0504}
		{359148FD-75D5-3CA3-8811-1C65607905F6} = {359148FD-75D5-3CA3-8811-1C65607905F6}
		{B1F7F96F-34D4-3D8F-B26C-823196F6CB3A} = {B1F7F96F-34D4-3D8F-B26C-823196F6CB3A}
		{DCD1C2F4-B9AE-36DA-B777-42CB3EE7D377} = {DCD1C2F4-B9AE-36DA-B777-42CB3EE7D377}
		{3D578225-DA94-3BD3-9AA3-6B25ACB2AAA5} = {3D578225-DA94-3BD3-9AA3-6B25ACB2AAA5}
		{E1C12B97-FA99-3FF9-A326-E47CA304ACE7} = {E1C12B97-FA99-3FF9-A326-E47CA304ACE7}
		{553D66C5-738C-3A98-ADA0-15733A1C7FD0} = {553D66C5-738C-3A98-ADA0-15733A1C7FD0}
		{C896AA6E-5EF7-3286-B175-D63659F75F2D} = {C896AA6E-5EF7-3286-B175-D63659F75F2D}
		{AEA186D7-ED81-3857-87DA-B735B5A26613} = {AEA186D7-ED81-3857-87DA-B735B5A26613}
		{D58CF932-D8A7-33E8-B004-31223BA6EB53} = {D58CF932-D8A7-33E8-B004-31223BA6EB53}
		{4BD27149-7B49-356E-80D2-EE865B8C3AF9} = {4BD27149-7B49-356E-80D2-EE865B8C3AF9}
	EndProjectSection
EndProject
Project("{8BC9CEB8-8B4A-11D0-8D11-00A0C91BC942}") = "DecoderLib", "source\Decoder\DecoderLib.vcxproj", "{D97B3E31-C243-32CF-A7D5-CF270D2C63FB}"
	ProjectSection(ProjectDependencies) = postProject
		{FD48F4B2-20CD-3032-94C8-47F76B793928} = {FD48F4B2-20CD-3032-94C8-47F76B793928}
		{359148FD-75D5-3CA3-8811-1C65607905F6} = {359148FD-75D5-3CA3-8811-1C65607905F6}
		{3D578225-DA94-3BD3-9AA3-6B25ACB2AAA5} = {3D578225-DA94-3BD3-9AA3-6B25ACB2AAA5}
		{E1C12B97-FA99-3FF9-A326-E47CA304ACE7} = {E1C12B97-FA99-3FF9-A326-E47CA304ACE7}
		{553D66C5-738C-3A98-ADA0-15733A1C7FD0} = {553D66C5-738C-3A98-ADA0-15733A1C7FD0}
		{AEA186D7-ED81-3857-87DA-B735B5A26613} = {AEA186D7-ED81-3857-87DA-B735B5A26613}
		{D58CF932-D8A7-33E8-B004-31223BA6EB53} = {D58CF932-D8A7-33E8-B004-31223BA6EB53}
		{4BD27149-7B49-356E-80D2-EE865B8C3AF9} = {4BD27149-7B49-356E-80D2-EE865B8C3AF9}
	EndProjectSection
EndProject
Project("{8BC9CEB8-8B4A-11D0-8D11-00A0C91BC942}") = "DepthQualityAssessorLib", "source\DepthQualityAssessor\DepthQualityAssessorLib.vcxproj", "{B2DBFA8E-19CA-3F65-BBBB-BE9FBCEABE1B}"
	ProjectSection(ProjectDependencies) = postProject
		{FD48F4B2-20CD-3032-94C8-47F76B793928} = {FD48F4B2-20CD-3032-94C8-47F76B793928}
		{359148FD-75D5-3CA3-8811-1C65607905F6} = {359148FD-75D5-3CA3-8811-1C65607905F6}
		{DCD1C2F4-B9AE-36DA-B777-42CB3EE7D377} = {DCD1C2F4-B9AE-36DA-B777-42CB3EE7D377}
		{C896AA6E-5EF7-3286-B175-D63659F75F2D} = {C896AA6E-5EF7-3286-B175-D63659F75F2D}
		{AEA186D7-ED81-3857-87DA-B735B5A26613} = {AEA186D7-ED81-3857-87DA-B735B5A26613}
		{D58CF932-D8A7-33E8-B004-31223BA6EB53} = {D58CF932-D8A7-33E8-B004-31223BA6EB53}
	EndProjectSection
EndProject
Project("{8BC9CEB8-8B4A-11D0-8D11-00A0C91BC942}") = "Encoder", "source\Encoder\Encoder.vcxproj", "{8F55A5D8-5E2B-33BC-BBC4-8EA4FD32CDF5}"
	ProjectSection(ProjectDependencies) = postProject
		{91EBD910-5119-3531-A33C-E1344EF45606} = {91EBD910-5119-3531-A33C-E1344EF45606}
		{FD48F4B2-20CD-3032-94C8-47F76B793928} = {FD48F4B2-20CD-3032-94C8-47F76B793928}
		{B2DBFA8E-19CA-3F65-BBBB-BE9FBCEABE1B} = {B2DBFA8E-19CA-3F65-BBBB-BE9FBCEABE1B}
		{B51D5067-C603-36F9-B97D-292C1731C8CE} = {B51D5067-C603-36F9-B97D-292C1731C8CE}
		{6F389274-DEF2-35B5-A927-BEE526411781} = {6F389274-DEF2-35B5-A927-BEE526411781}
		{53A0D821-3EF1-3791-9D13-C49F629F0504} = {53A0D821-3EF1-3791-9D13-C49F629F0504}
		{359148FD-75D5-3CA3-8811-1C65607905F6} = {359148FD-75D5-3CA3-8811-1C65607905F6}
		{93443B69-52DA-3FCB-94BD-127D7B319A4A} = {93443B69-52DA-3FCB-94BD-127D7B319A4A}
		{023F2D63-FC86-38B1-99F2-5F3E061F5803} = {023F2D63-FC86-38B1-99F2-5F3E061F5803}
		{DCD1C2F4-B9AE-36DA-B777-42CB3EE7D377} = {DCD1C2F4-B9AE-36DA-B777-42CB3EE7D377}
		{2556B5F9-21AA-382B-8737-8291D2620803} = {2556B5F9-21AA-382B-8737-8291D2620803}
		{C896AA6E-5EF7-3286-B175-D63659F75F2D} = {C896AA6E-5EF7-3286-B175-D63659F75F2D}
		{AEA186D7-ED81-3857-87DA-B735B5A26613} = {AEA186D7-ED81-3857-87DA-B735B5A26613}
		{D58CF932-D8A7-33E8-B004-31223BA6EB53} = {D58CF932-D8A7-33E8-B004-31223BA6EB53}
	EndProjectSection
EndProject
Project("{8BC9CEB8-8B4A-11D0-8D11-00A0C91BC942}") = "EncoderLib", "source\Encoder\EncoderLib.vcxproj", "{B51D5067-C603-36F9-B97D-292C1731C8CE}"
	ProjectSection(ProjectDependencies) = postProject
		{91EBD910-5119-3531-A33C-E1344EF45606} = {91EBD910-5119-3531-A33C-E1344EF45606}
		{FD48F4B2-20CD-3032-94C8-47F76B793928} = {FD48F4B2-20CD-3032-94C8-47F76B793928}
		{B2DBFA8E-19CA-3F65-BBBB-BE9FBCEABE1B} = {B2DBFA8E-19CA-3F65-BBBB-BE9FBCEABE1B}
		{6F389274-DEF2-35B5-A927-BEE526411781} = {6F389274-DEF2-35B5-A927-BEE526411781}
		{359148FD-75D5-3CA3-8811-1C65607905F6} = {359148FD-75D5-3CA3-8811-1C65607905F6}
		{93443B69-52DA-3FCB-94BD-127D7B319A4A} = {93443B69-52DA-3FCB-94BD-127D7B319A4A}
		{023F2D63-FC86-38B1-99F2-5F3E061F5803} = {023F2D63-FC86-38B1-99F2-5F3E061F5803}
		{DCD1C2F4-B9AE-36DA-B777-42CB3EE7D377} = {DCD1C2F4-B9AE-36DA-B777-42CB3EE7D377}
		{2556B5F9-21AA-382B-8737-8291D2620803} = {2556B5F9-21AA-382B-8737-8291D2620803}
		{C896AA6E-5EF7-3286-B175-D63659F75F2D} = {C896AA6E-5EF7-3286-B175-D63659F75F2D}
		{AEA186D7-ED81-3857-87DA-B735B5A26613} = {AEA186D7-ED81-3857-87DA-B735B5A26613}
		{D58CF932-D8A7-33E8-B004-31223BA6EB53} = {D58CF932-D8A7-33E8-B004-31223BA6EB53}
	EndProjectSection
EndProject
Project("{8BC9CEB8-8B4A-11D0-8D11-00A0C91BC942}") = "Experimental", "_deps\catch2-build\Experimental.vcxproj", "{D502CA34-D6EF-3108-A4F3-9662244F890B}"
	ProjectSection(ProjectDependencies) = postProject
		{AEA186D7-ED81-3857-87DA-B735B5A26613} = {AEA186D7-ED81-3857-87DA-B735B5A26613}
	EndProjectSection
EndProject
Project("{8BC9CEB8-8B4A-11D0-8D11-00A0C91BC942}") = "GeometryQuantizerLib", "source\GeometryQuantizer\GeometryQuantizerLib.vcxproj", "{6F389274-DEF2-35B5-A927-BEE526411781}"
	ProjectSection(ProjectDependencies) = postProject
		{FD48F4B2-20CD-3032-94C8-47F76B793928} = {FD48F4B2-20CD-3032-94C8-47F76B793928}
		{359148FD-75D5-3CA3-8811-1C65607905F6} = {359148FD-75D5-3CA3-8811-1C65607905F6}
		{AEA186D7-ED81-3857-87DA-B735B5A26613} = {AEA186D7-ED81-3857-87DA-B735B5A26613}
		{D58CF932-D8A7-33E8-B004-31223BA6EB53} = {D58CF932-D8A7-33E8-B004-31223BA6EB53}
	EndProjectSection
EndProject
Project("{8BC9CEB8-8B4A-11D0-8D11-00A0C91BC942}") = "GeometryQuantizerTest", "source\GeometryQuantizer\GeometryQuantizerTest.vcxproj", "{F043A444-DEC4-3B63-99D1-278DA1C346C4}"
	ProjectSection(ProjectDependencies) = postProject
		{FD48F4B2-20CD-3032-94C8-47F76B793928} = {FD48F4B2-20CD-3032-94C8-47F76B793928}
		{6F389274-DEF2-35B5-A927-BEE526411781} = {6F389274-DEF2-35B5-A927-BEE526411781}
		{359148FD-75D5-3CA3-8811-1C65607905F6} = {359148FD-75D5-3CA3-8811-1C65607905F6}
		{AEA186D7-ED81-3857-87DA-B735B5A26613} = {AEA186D7-ED81-3857-87DA-B735B5A26613}
		{D58CF932-D8A7-33E8-B004-31223BA6EB53} = {D58CF932-D8A7-33E8-B004-31223BA6EB53}
	EndProjectSection
EndProject
Project("{8BC9CEB8-8B4A-11D0-8D11-00A0C91BC942}") = "INSTALL", "INSTALL.vcxproj", "{A63BC93A-AF4E-397F-B1D7-62091BCF9D65}"
	ProjectSection(ProjectDependencies) = postProject
		{F71346B3-5802-3005-A3FD-E2845BA07999} = {F71346B3-5802-3005-A3FD-E2845BA07999}
		{AEA186D7-ED81-3857-87DA-B735B5A26613} = {AEA186D7-ED81-3857-87DA-B735B5A26613}
	EndProjectSection
EndProject
Project("{8BC9CEB8-8B4A-11D0-8D11-00A0C91BC942}") = "IOLib", "source\IO\IOLib.vcxproj", "{53A0D821-3EF1-3791-9D13-C49F629F0504}"
	ProjectSection(ProjectDependencies) = postProject
		{FD48F4B2-20CD-3032-94C8-47F76B793928} = {FD48F4B2-20CD-3032-94C8-47F76B793928}
		{359148FD-75D5-3CA3-8811-1C65607905F6} = {359148FD-75D5-3CA3-8811-1C65607905F6}
		{AEA186D7-ED81-3857-87DA-B735B5A26613} = {AEA186D7-ED81-3857-87DA-B735B5A26613}
		{D58CF932-D8A7-33E8-B004-31223BA6EB53} = {D58CF932-D8A7-33E8-B004-31223BA6EB53}
	EndProjectSection
EndProject
Project("{8BC9CEB8-8B4A-11D0-8D11-00A0C91BC942}") = "MivBitstreamLib", "source\MivBitstream\MivBitstreamLib.vcxproj", "{359148FD-75D5-3CA3-8811-1C65607905F6}"
	ProjectSection(ProjectDependencies) = postProject
		{FD48F4B2-20CD-3032-94C8-47F76B793928} = {FD48F4B2-20CD-3032-94C8-47F76B793928}
		{AEA186D7-ED81-3857-87DA-B735B5A26613} = {AEA186D7-ED81-3857-87DA-B735B5A26613}
		{D58CF932-D8A7-33E8-B004-31223BA6EB53} = {D58CF932-D8A7-33E8-B004-31223BA6EB53}
	EndProjectSection
EndProject
Project("{8BC9CEB8-8B4A-11D0-8D11-00A0C91BC942}") = "MivBitstreamTest", "source\MivBitstream\MivBitstreamTest.vcxproj", "{468C6C44-E48E-392A-ACFE-7D689F6DEBAF}"
	ProjectSection(ProjectDependencies) = postProject
		{FD48F4B2-20CD-3032-94C8-47F76B793928} = {FD48F4B2-20CD-3032-94C8-47F76B793928}
		{359148FD-75D5-3CA3-8811-1C65607905F6} = {359148FD-75D5-3CA3-8811-1C65607905F6}
		{AEA186D7-ED81-3857-87DA-B735B5A26613} = {AEA186D7-ED81-3857-87DA-B735B5A26613}
		{D58CF932-D8A7-33E8-B004-31223BA6EB53} = {D58CF932-D8A7-33E8-B004-31223BA6EB53}
	EndProjectSection
EndProject
Project("{8BC9CEB8-8B4A-11D0-8D11-00A0C91BC942}") = "MpiEncoder", "source\Encoder\MpiEncoder.vcxproj", "{86637185-111D-38B3-9442-4695F8CC557C}"
	ProjectSection(ProjectDependencies) = postProject
		{91EBD910-5119-3531-A33C-E1344EF45606} = {91EBD910-5119-3531-A33C-E1344EF45606}
		{FD48F4B2-20CD-3032-94C8-47F76B793928} = {FD48F4B2-20CD-3032-94C8-47F76B793928}
		{B2DBFA8E-19CA-3F65-BBBB-BE9FBCEABE1B} = {B2DBFA8E-19CA-3F65-BBBB-BE9FBCEABE1B}
		{B51D5067-C603-36F9-B97D-292C1731C8CE} = {B51D5067-C603-36F9-B97D-292C1731C8CE}
		{6F389274-DEF2-35B5-A927-BEE526411781} = {6F389274-DEF2-35B5-A927-BEE526411781}
		{53A0D821-3EF1-3791-9D13-C49F629F0504} = {53A0D821-3EF1-3791-9D13-C49F629F0504}
		{359148FD-75D5-3CA3-8811-1C65607905F6} = {359148FD-75D5-3CA3-8811-1C65607905F6}
		{93443B69-52DA-3FCB-94BD-127D7B319A4A} = {93443B69-52DA-3FCB-94BD-127D7B319A4A}
		{023F2D63-FC86-38B1-99F2-5F3E061F5803} = {023F2D63-FC86-38B1-99F2-5F3E061F5803}
		{DCD1C2F4-B9AE-36DA-B777-42CB3EE7D377} = {DCD1C2F4-B9AE-36DA-B777-42CB3EE7D377}
		{2556B5F9-21AA-382B-8737-8291D2620803} = {2556B5F9-21AA-382B-8737-8291D2620803}
		{C896AA6E-5EF7-3286-B175-D63659F75F2D} = {C896AA6E-5EF7-3286-B175-D63659F75F2D}
		{AEA186D7-ED81-3857-87DA-B735B5A26613} = {AEA186D7-ED81-3857-87DA-B735B5A26613}
		{D58CF932-D8A7-33E8-B004-31223BA6EB53} = {D58CF932-D8A7-33E8-B004-31223BA6EB53}
	EndProjectSection
EndProject
Project("{8BC9CEB8-8B4A-11D0-8D11-00A0C91BC942}") = "Multiplexer", "source\Encoder\Multiplexer.vcxproj", "{5AA3EC82-2054-30C6-87EE-38A8CBC42296}"
	ProjectSection(ProjectDependencies) = postProject
		{FD48F4B2-20CD-3032-94C8-47F76B793928} = {FD48F4B2-20CD-3032-94C8-47F76B793928}
		{53A0D821-3EF1-3791-9D13-C49F629F0504} = {53A0D821-3EF1-3791-9D13-C49F629F0504}
		{359148FD-75D5-3CA3-8811-1C65607905F6} = {359148FD-75D5-3CA3-8811-1C65607905F6}
		{AEA186D7-ED81-3857-87DA-B735B5A26613} = {AEA186D7-ED81-3857-87DA-B735B5A26613}
		{D58CF932-D8A7-33E8-B004-31223BA6EB53} = {D58CF932-D8A7-33E8-B004-31223BA6EB53}
	EndProjectSection
EndProject
Project("{8BC9CEB8-8B4A-11D0-8D11-00A0C91BC942}") = "Nightly", "_deps\catch2-build\Nightly.vcxproj", "{1F00A90D-BDE8-313B-B0F8-44E7742D01FA}"
	ProjectSection(ProjectDependencies) = postProject
		{AEA186D7-ED81-3857-87DA-B735B5A26613} = {AEA186D7-ED81-3857-87DA-B735B5A26613}
	EndProjectSection
EndProject
Project("{8BC9CEB8-8B4A-11D0-8D11-00A0C91BC942}") = "NightlyMemoryCheck", "_deps\catch2-build\NightlyMemoryCheck.vcxproj", "{0CE9684B-BF37-36FE-87A0-7FA886B0AC9E}"
	ProjectSection(ProjectDependencies) = postProject
		{AEA186D7-ED81-3857-87DA-B735B5A26613} = {AEA186D7-ED81-3857-87DA-B735B5A26613}
	EndProjectSection
EndProject
Project("{8BC9CEB8-8B4A-11D0-8D11-00A0C91BC942}") = "PackerLib", "source\Packer\PackerLib.vcxproj", "{93443B69-52DA-3FCB-94BD-127D7B319A4A}"
	ProjectSection(ProjectDependencies) = postProject
		{FD48F4B2-20CD-3032-94C8-47F76B793928} = {FD48F4B2-20CD-3032-94C8-47F76B793928}
		{359148FD-75D5-3CA3-8811-1C65607905F6} = {359148FD-75D5-3CA3-8811-1C65607905F6}
		{AEA186D7-ED81-3857-87DA-B735B5A26613} = {AEA186D7-ED81-3857-87DA-B735B5A26613}
		{D58CF932-D8A7-33E8-B004-31223BA6EB53} = {D58CF932-D8A7-33E8-B004-31223BA6EB53}
	EndProjectSection
EndProject
Project("{8BC9CEB8-8B4A-11D0-8D11-00A0C91BC942}") = "PackerTest", "source\Packer\PackerTest.vcxproj", "{FB385427-4F00-365E-82D0-7C7E739F0417}"
	ProjectSection(ProjectDependencies) = postProject
		{FD48F4B2-20CD-3032-94C8-47F76B793928} = {FD48F4B2-20CD-3032-94C8-47F76B793928}
		{359148FD-75D5-3CA3-8811-1C65607905F6} = {359148FD-75D5-3CA3-8811-1C65607905F6}
		{93443B69-52DA-3FCB-94BD-127D7B319A4A} = {93443B69-52DA-3FCB-94BD-127D7B319A4A}
		{AEA186D7-ED81-3857-87DA-B735B5A26613} = {AEA186D7-ED81-3857-87DA-B735B5A26613}
		{D58CF932-D8A7-33E8-B004-31223BA6EB53} = {D58CF932-D8A7-33E8-B004-31223BA6EB53}
	EndProjectSection
EndProject
Project("{8BC9CEB8-8B4A-11D0-8D11-00A0C91BC942}") = "Parser", "source\Parser\Parser.vcxproj", "{B29852D1-7B81-3142-8378-C2F83B4DE9F8}"
	ProjectSection(ProjectDependencies) = postProject
		{FD48F4B2-20CD-3032-94C8-47F76B793928} = {FD48F4B2-20CD-3032-94C8-47F76B793928}
		{359148FD-75D5-3CA3-8811-1C65607905F6} = {359148FD-75D5-3CA3-8811-1C65607905F6}
		{AEA186D7-ED81-3857-87DA-B735B5A26613} = {AEA186D7-ED81-3857-87DA-B735B5A26613}
		{D58CF932-D8A7-33E8-B004-31223BA6EB53} = {D58CF932-D8A7-33E8-B004-31223BA6EB53}
	EndProjectSection
EndProject
Project("{8BC9CEB8-8B4A-11D0-8D11-00A0C91BC942}") = "PrunerLib", "source\Pruner\PrunerLib.vcxproj", "{023F2D63-FC86-38B1-99F2-5F3E061F5803}"
	ProjectSection(ProjectDependencies) = postProject
		{FD48F4B2-20CD-3032-94C8-47F76B793928} = {FD48F4B2-20CD-3032-94C8-47F76B793928}
		{359148FD-75D5-3CA3-8811-1C65607905F6} = {359148FD-75D5-3CA3-8811-1C65607905F6}
		{DCD1C2F4-B9AE-36DA-B777-42CB3EE7D377} = {DCD1C2F4-B9AE-36DA-B777-42CB3EE7D377}
		{C896AA6E-5EF7-3286-B175-D63659F75F2D} = {C896AA6E-5EF7-3286-B175-D63659F75F2D}
		{AEA186D7-ED81-3857-87DA-B735B5A26613} = {AEA186D7-ED81-3857-87DA-B735B5A26613}
		{D58CF932-D8A7-33E8-B004-31223BA6EB53} = {D58CF932-D8A7-33E8-B004-31223BA6EB53}
	EndProjectSection
EndProject
Project("{8BC9CEB8-8B4A-11D0-8D11-00A0C91BC942}") = "PrunerTest", "source\Pruner\PrunerTest.vcxproj", "{0DE81951-7BF5-39F5-BF21-35FF7D6D8C2C}"
	ProjectSection(ProjectDependencies) = postProject
		{FD48F4B2-20CD-3032-94C8-47F76B793928} = {FD48F4B2-20CD-3032-94C8-47F76B793928}
		{359148FD-75D5-3CA3-8811-1C65607905F6} = {359148FD-75D5-3CA3-8811-1C65607905F6}
		{023F2D63-FC86-38B1-99F2-5F3E061F5803} = {023F2D63-FC86-38B1-99F2-5F3E061F5803}
		{DCD1C2F4-B9AE-36DA-B777-42CB3EE7D377} = {DCD1C2F4-B9AE-36DA-B777-42CB3EE7D377}
		{C896AA6E-5EF7-3286-B175-D63659F75F2D} = {C896AA6E-5EF7-3286-B175-D63659F75F2D}
		{AEA186D7-ED81-3857-87DA-B735B5A26613} = {AEA186D7-ED81-3857-87DA-B735B5A26613}
		{D58CF932-D8A7-33E8-B004-31223BA6EB53} = {D58CF932-D8A7-33E8-B004-31223BA6EB53}
	EndProjectSection
EndProject
Project("{8BC9CEB8-8B4A-11D0-8D11-00A0C91BC942}") = "RUN_TESTS", "RUN_TESTS.vcxproj", "{142B4166-01C8-3E6D-A339-DC48C989DB28}"
	ProjectSection(ProjectDependencies) = postProject
		{AEA186D7-ED81-3857-87DA-B735B5A26613} = {AEA186D7-ED81-3857-87DA-B735B5A26613}
	EndProjectSection
EndProject
Project("{8BC9CEB8-8B4A-11D0-8D11-00A0C91BC942}") = "Renderer", "source\Renderer\Renderer.vcxproj", "{1F9C7D8A-45B2-35A7-B8D9-0D526354231A}"
	ProjectSection(ProjectDependencies) = postProject
		{FD48F4B2-20CD-3032-94C8-47F76B793928} = {FD48F4B2-20CD-3032-94C8-47F76B793928}
		{B2DBFA8E-19CA-3F65-BBBB-BE9FBCEABE1B} = {B2DBFA8E-19CA-3F65-BBBB-BE9FBCEABE1B}
		{53A0D821-3EF1-3791-9D13-C49F629F0504} = {53A0D821-3EF1-3791-9D13-C49F629F0504}
		{359148FD-75D5-3CA3-8811-1C65607905F6} = {359148FD-75D5-3CA3-8811-1C65607905F6}
		{B1F7F96F-34D4-3D8F-B26C-823196F6CB3A} = {B1F7F96F-34D4-3D8F-B26C-823196F6CB3A}
		{DCD1C2F4-B9AE-36DA-B777-42CB3EE7D377} = {DCD1C2F4-B9AE-36DA-B777-42CB3EE7D377}
		{C896AA6E-5EF7-3286-B175-D63659F75F2D} = {C896AA6E-5EF7-3286-B175-D63659F75F2D}
		{AEA186D7-ED81-3857-87DA-B735B5A26613} = {AEA186D7-ED81-3857-87DA-B735B5A26613}
		{D58CF932-D8A7-33E8-B004-31223BA6EB53} = {D58CF932-D8A7-33E8-B004-31223BA6EB53}
	EndProjectSection
EndProject
Project("{8BC9CEB8-8B4A-11D0-8D11-00A0C91BC942}") = "RendererFrontLib", "source\Renderer\RendererFrontLib.vcxproj", "{B1F7F96F-34D4-3D8F-B26C-823196F6CB3A}"
	ProjectSection(ProjectDependencies) = postProject
		{FD48F4B2-20CD-3032-94C8-47F76B793928} = {FD48F4B2-20CD-3032-94C8-47F76B793928}
		{53A0D821-3EF1-3791-9D13-C49F629F0504} = {53A0D821-3EF1-3791-9D13-C49F629F0504}
		{359148FD-75D5-3CA3-8811-1C65607905F6} = {359148FD-75D5-3CA3-8811-1C65607905F6}
		{DCD1C2F4-B9AE-36DA-B777-42CB3EE7D377} = {DCD1C2F4-B9AE-36DA-B777-42CB3EE7D377}
		{C896AA6E-5EF7-3286-B175-D63659F75F2D} = {C896AA6E-5EF7-3286-B175-D63659F75F2D}
		{AEA186D7-ED81-3857-87DA-B735B5A26613} = {AEA186D7-ED81-3857-87DA-B735B5A26613}
		{D58CF932-D8A7-33E8-B004-31223BA6EB53} = {D58CF932-D8A7-33E8-B004-31223BA6EB53}
	EndProjectSection
EndProject
Project("{8BC9CEB8-8B4A-11D0-8D11-00A0C91BC942}") = "RendererFrontTest", "source\Renderer\RendererFrontTest.vcxproj", "{B36E07F9-9ACC-38F8-9616-42A5ED1B869A}"
	ProjectSection(ProjectDependencies) = postProject
		{FD48F4B2-20CD-3032-94C8-47F76B793928} = {FD48F4B2-20CD-3032-94C8-47F76B793928}
		{53A0D821-3EF1-3791-9D13-C49F629F0504} = {53A0D821-3EF1-3791-9D13-C49F629F0504}
		{359148FD-75D5-3CA3-8811-1C65607905F6} = {359148FD-75D5-3CA3-8811-1C65607905F6}
		{B1F7F96F-34D4-3D8F-B26C-823196F6CB3A} = {B1F7F96F-34D4-3D8F-B26C-823196F6CB3A}
		{DCD1C2F4-B9AE-36DA-B777-42CB3EE7D377} = {DCD1C2F4-B9AE-36DA-B777-42CB3EE7D377}
		{C896AA6E-5EF7-3286-B175-D63659F75F2D} = {C896AA6E-5EF7-3286-B175-D63659F75F2D}
		{AEA186D7-ED81-3857-87DA-B735B5A26613} = {AEA186D7-ED81-3857-87DA-B735B5A26613}
		{D58CF932-D8A7-33E8-B004-31223BA6EB53} = {D58CF932-D8A7-33E8-B004-31223BA6EB53}
	EndProjectSection
EndProject
Project("{8BC9CEB8-8B4A-11D0-8D11-00A0C91BC942}") = "RendererLib", "source\Renderer\RendererLib.vcxproj", "{DCD1C2F4-B9AE-36DA-B777-42CB3EE7D377}"
	ProjectSection(ProjectDependencies) = postProject
		{FD48F4B2-20CD-3032-94C8-47F76B793928} = {FD48F4B2-20CD-3032-94C8-47F76B793928}
		{359148FD-75D5-3CA3-8811-1C65607905F6} = {359148FD-75D5-3CA3-8811-1C65607905F6}
		{C896AA6E-5EF7-3286-B175-D63659F75F2D} = {C896AA6E-5EF7-3286-B175-D63659F75F2D}
		{AEA186D7-ED81-3857-87DA-B735B5A26613} = {AEA186D7-ED81-3857-87DA-B735B5A26613}
		{D58CF932-D8A7-33E8-B004-31223BA6EB53} = {D58CF932-D8A7-33E8-B004-31223BA6EB53}
	EndProjectSection
EndProject
Project("{8BC9CEB8-8B4A-11D0-8D11-00A0C91BC942}") = "RendererTest", "source\Renderer\RendererTest.vcxproj", "{EC2AFAD8-A4B5-3D8B-8011-DA3D28C1E36E}"
	ProjectSection(ProjectDependencies) = postProject
		{FD48F4B2-20CD-3032-94C8-47F76B793928} = {FD48F4B2-20CD-3032-94C8-47F76B793928}
		{359148FD-75D5-3CA3-8811-1C65607905F6} = {359148FD-75D5-3CA3-8811-1C65607905F6}
		{DCD1C2F4-B9AE-36DA-B777-42CB3EE7D377} = {DCD1C2F4-B9AE-36DA-B777-42CB3EE7D377}
		{C896AA6E-5EF7-3286-B175-D63659F75F2D} = {C896AA6E-5EF7-3286-B175-D63659F75F2D}
		{AEA186D7-ED81-3857-87DA-B735B5A26613} = {AEA186D7-ED81-3857-87DA-B735B5A26613}
		{D58CF932-D8A7-33E8-B004-31223BA6EB53} = {D58CF932-D8A7-33E8-B004-31223BA6EB53}
	EndProjectSection
EndProject
Project("{8BC9CEB8-8B4A-11D0-8D11-00A0C91BC942}") = "TLibCommon", "TLibCommon.vcxproj", "{3D578225-DA94-3BD3-9AA3-6B25ACB2AAA5}"
	ProjectSection(ProjectDependencies) = postProject
		{AEA186D7-ED81-3857-87DA-B735B5A26613} = {AEA186D7-ED81-3857-87DA-B735B5A26613}
		{4BD27149-7B49-356E-80D2-EE865B8C3AF9} = {4BD27149-7B49-356E-80D2-EE865B8C3AF9}
	EndProjectSection
EndProject
Project("{8BC9CEB8-8B4A-11D0-8D11-00A0C91BC942}") = "TLibDecoder", "TLibDecoder.vcxproj", "{E1C12B97-FA99-3FF9-A326-E47CA304ACE7}"
	ProjectSection(ProjectDependencies) = postProject
		{3D578225-DA94-3BD3-9AA3-6B25ACB2AAA5} = {3D578225-DA94-3BD3-9AA3-6B25ACB2AAA5}
		{AEA186D7-ED81-3857-87DA-B735B5A26613} = {AEA186D7-ED81-3857-87DA-B735B5A26613}
		{4BD27149-7B49-356E-80D2-EE865B8C3AF9} = {4BD27149-7B49-356E-80D2-EE865B8C3AF9}
	EndProjectSection
EndProject
Project("{8BC9CEB8-8B4A-11D0-8D11-00A0C91BC942}") = "VideoDecoderLib", "source\VideoDecoder\VideoDecoderLib.vcxproj", "{553D66C5-738C-3A98-ADA0-15733A1C7FD0}"
	ProjectSection(ProjectDependencies) = postProject
		{FD48F4B2-20CD-3032-94C8-47F76B793928} = {FD48F4B2-20CD-3032-94C8-47F76B793928}
		{359148FD-75D5-3CA3-8811-1C65607905F6} = {359148FD-75D5-3CA3-8811-1C65607905F6}
		{3D578225-DA94-3BD3-9AA3-6B25ACB2AAA5} = {3D578225-DA94-3BD3-9AA3-6B25ACB2AAA5}
		{E1C12B97-FA99-3FF9-A326-E47CA304ACE7} = {E1C12B97-FA99-3FF9-A326-E47CA304ACE7}
		{AEA186D7-ED81-3857-87DA-B735B5A26613} = {AEA186D7-ED81-3857-87DA-B735B5A26613}
		{D58CF932-D8A7-33E8-B004-31223BA6EB53} = {D58CF932-D8A7-33E8-B004-31223BA6EB53}
		{4BD27149-7B49-356E-80D2-EE865B8C3AF9} = {4BD27149-7B49-356E-80D2-EE865B8C3AF9}
	EndProjectSection
EndProject
Project("{8BC9CEB8-8B4A-11D0-8D11-00A0C91BC942}") = "ViewOptimizerLib", "source\ViewOptimizer\ViewOptimizerLib.vcxproj", "{2556B5F9-21AA-382B-8737-8291D2620803}"
	ProjectSection(ProjectDependencies) = postProject
		{FD48F4B2-20CD-3032-94C8-47F76B793928} = {FD48F4B2-20CD-3032-94C8-47F76B793928}
		{359148FD-75D5-3CA3-8811-1C65607905F6} = {359148FD-75D5-3CA3-8811-1C65607905F6}
		{DCD1C2F4-B9AE-36DA-B777-42CB3EE7D377} = {DCD1C2F4-B9AE-36DA-B777-42CB3EE7D377}
		{C896AA6E-5EF7-3286-B175-D63659F75F2D} = {C896AA6E-5EF7-3286-B175-D63659F75F2D}
		{AEA186D7-ED81-3857-87DA-B735B5A26613} = {AEA186D7-ED81-3857-87DA-B735B5A26613}
		{D58CF932-D8A7-33E8-B004-31223BA6EB53} = {D58CF932-D8A7-33E8-B004-31223BA6EB53}
	EndProjectSection
EndProject
Project("{8BC9CEB8-8B4A-11D0-8D11-00A0C91BC942}") = "ViewOptimizerTest", "source\ViewOptimizer\ViewOptimizerTest.vcxproj", "{88297916-3ADF-35F5-AEE3-264976C54DF6}"
	ProjectSection(ProjectDependencies) = postProject
		{FD48F4B2-20CD-3032-94C8-47F76B793928} = {FD48F4B2-20CD-3032-94C8-47F76B793928}
		{359148FD-75D5-3CA3-8811-1C65607905F6} = {359148FD-75D5-3CA3-8811-1C65607905F6}
		{DCD1C2F4-B9AE-36DA-B777-42CB3EE7D377} = {DCD1C2F4-B9AE-36DA-B777-42CB3EE7D377}
		{2556B5F9-21AA-382B-8737-8291D2620803} = {2556B5F9-21AA-382B-8737-8291D2620803}
		{C896AA6E-5EF7-3286-B175-D63659F75F2D} = {C896AA6E-5EF7-3286-B175-D63659F75F2D}
		{AEA186D7-ED81-3857-87DA-B735B5A26613} = {AEA186D7-ED81-3857-87DA-B735B5A26613}
		{D58CF932-D8A7-33E8-B004-31223BA6EB53} = {D58CF932-D8A7-33E8-B004-31223BA6EB53}
	EndProjectSection
EndProject
Project("{8BC9CEB8-8B4A-11D0-8D11-00A0C91BC942}") = "ViewingSpaceLib", "source\ViewingSpace\ViewingSpaceLib.vcxproj", "{C896AA6E-5EF7-3286-B175-D63659F75F2D}"
	ProjectSection(ProjectDependencies) = postProject
		{FD48F4B2-20CD-3032-94C8-47F76B793928} = {FD48F4B2-20CD-3032-94C8-47F76B793928}
		{359148FD-75D5-3CA3-8811-1C65607905F6} = {359148FD-75D5-3CA3-8811-1C65607905F6}
		{AEA186D7-ED81-3857-87DA-B735B5A26613} = {AEA186D7-ED81-3857-87DA-B735B5A26613}
		{D58CF932-D8A7-33E8-B004-31223BA6EB53} = {D58CF932-D8A7-33E8-B004-31223BA6EB53}
	EndProjectSection
EndProject
Project("{8BC9CEB8-8B4A-11D0-8D11-00A0C91BC942}") = "ViewingSpaceTest", "source\ViewingSpace\ViewingSpaceTest.vcxproj", "{A541FCB8-55B4-381E-AEB4-560634A8850C}"
	ProjectSection(ProjectDependencies) = postProject
		{FD48F4B2-20CD-3032-94C8-47F76B793928} = {FD48F4B2-20CD-3032-94C8-47F76B793928}
		{359148FD-75D5-3CA3-8811-1C65607905F6} = {359148FD-75D5-3CA3-8811-1C65607905F6}
		{C896AA6E-5EF7-3286-B175-D63659F75F2D} = {C896AA6E-5EF7-3286-B175-D63659F75F2D}
		{AEA186D7-ED81-3857-87DA-B735B5A26613} = {AEA186D7-ED81-3857-87DA-B735B5A26613}
		{D58CF932-D8A7-33E8-B004-31223BA6EB53} = {D58CF932-D8A7-33E8-B004-31223BA6EB53}
	EndProjectSection
EndProject
Project("{8BC9CEB8-8B4A-11D0-8D11-00A0C91BC942}") = "ZERO_CHECK", "ZERO_CHECK.vcxproj", "{AEA186D7-ED81-3857-87DA-B735B5A26613}"
	ProjectSection(ProjectDependencies) = postProject
	EndProjectSection
EndProject
Project("{8BC9CEB8-8B4A-11D0-8D11-00A0C91BC942}") = "clang_format", "clang_format.vcxproj", "{36DC48FA-9F51-3ED1-914A-331DBDF692F7}"
	ProjectSection(ProjectDependencies) = postProject
		{AEA186D7-ED81-3857-87DA-B735B5A26613} = {AEA186D7-ED81-3857-87DA-B735B5A26613}
	EndProjectSection
EndProject
Project("{8BC9CEB8-8B4A-11D0-8D11-00A0C91BC942}") = "fmt", "_deps\fmt-build\fmt.vcxproj", "{D58CF932-D8A7-33E8-B004-31223BA6EB53}"
	ProjectSection(ProjectDependencies) = postProject
		{AEA186D7-ED81-3857-87DA-B735B5A26613} = {AEA186D7-ED81-3857-87DA-B735B5A26613}
	EndProjectSection
EndProject
Project("{8BC9CEB8-8B4A-11D0-8D11-00A0C91BC942}") = "libmd5", "libmd5.vcxproj", "{4BD27149-7B49-356E-80D2-EE865B8C3AF9}"
	ProjectSection(ProjectDependencies) = postProject
		{AEA186D7-ED81-3857-87DA-B735B5A26613} = {AEA186D7-ED81-3857-87DA-B735B5A26613}
	EndProjectSection
EndProject
Project("{8BC9CEB8-8B4A-11D0-8D11-00A0C91BC942}") = "module_graph", "module_graph.vcxproj", "{4525BB8D-D713-3416-BE98-7BAE628EEF62}"
	ProjectSection(ProjectDependencies) = postProject
		{AEA186D7-ED81-3857-87DA-B735B5A26613} = {AEA186D7-ED81-3857-87DA-B735B5A26613}
	EndProjectSection
EndProject
Project("{8BC9CEB8-8B4A-11D0-8D11-00A0C91BC942}") = "vvdec", "_deps\vvdec-build\source\Lib\vvdec\vvdec.vcxproj", "{35A3DCBB-B94D-3647-8705-920D98469C10}"
	ProjectSection(ProjectDependencies) = postProject
		{AEA186D7-ED81-3857-87DA-B735B5A26613} = {AEA186D7-ED81-3857-87DA-B735B5A26613}
	EndProjectSection
EndProject
Project("{8BC9CEB8-8B4A-11D0-8D11-00A0C91BC942}") = "vvdecapp", "_deps\vvdec-build\source\App\vvdecapp\vvdecapp.vcxproj", "{D2B51E11-C1F8-3244-A7D5-09BB9D443978}"
	ProjectSection(ProjectDependencies) = postProject
		{AEA186D7-ED81-3857-87DA-B735B5A26613} = {AEA186D7-ED81-3857-87DA-B735B5A26613}
		{35A3DCBB-B94D-3647-8705-920D98469C10} = {35A3DCBB-B94D-3647-8705-920D98469C10}
	EndProjectSection
EndProject
Project("{8BC9CEB8-8B4A-11D0-8D11-00A0C91BC942}") = "vvenc", "_deps\vvenc-build\source\Lib\vvenc\vvenc.vcxproj", "{50E39159-3676-393D-8CF3-6648B54E10A1}"
	ProjectSection(ProjectDependencies) = postProject
		{AEA186D7-ED81-3857-87DA-B735B5A26613} = {AEA186D7-ED81-3857-87DA-B735B5A26613}
	EndProjectSection
EndProject
Project("{8BC9CEB8-8B4A-11D0-8D11-00A0C91BC942}") = "vvencFFapp", "_deps\vvenc-build\source\App\vvencFFapp\vvencFFapp.vcxproj", "{DAAFB5C5-9254-33E1-A1C9-DBC2373836E1}"
	ProjectSection(ProjectDependencies) = postProject
		{AEA186D7-ED81-3857-87DA-B735B5A26613} = {AEA186D7-ED81-3857-87DA-B735B5A26613}
		{50E39159-3676-393D-8CF3-6648B54E10A1} = {50E39159-3676-393D-8CF3-6648B54E10A1}
	EndProjectSection
EndProject
Global
	GlobalSection(SolutionConfigurationPlatforms) = preSolution
		Debug|x64 = Debug|x64
		Release|x64 = Release|x64
		MinSizeRel|x64 = MinSizeRel|x64
		RelWithDebInfo|x64 = RelWithDebInfo|x64
	EndGlobalSection
	GlobalSection(ProjectConfigurationPlatforms) = postSolution
		{F71346B3-5802-3005-A3FD-E2845BA07999}.Debug|x64.ActiveCfg = Debug|x64
		{F71346B3-5802-3005-A3FD-E2845BA07999}.Debug|x64.Build.0 = Debug|x64
		{F71346B3-5802-3005-A3FD-E2845BA07999}.Release|x64.ActiveCfg = Release|x64
		{F71346B3-5802-3005-A3FD-E2845BA07999}.Release|x64.Build.0 = Release|x64
		{F71346B3-5802-3005-A3FD-E2845BA07999}.MinSizeRel|x64.ActiveCfg = MinSizeRel|x64
		{F71346B3-5802-3005-A3FD-E2845BA07999}.MinSizeRel|x64.Build.0 = MinSizeRel|x64
		{F71346B3-5802-3005-A3FD-E2845BA07999}.RelWithDebInfo|x64.ActiveCfg = RelWithDebInfo|x64
		{F71346B3-5802-3005-A3FD-E2845BA07999}.RelWithDebInfo|x64.Build.0 = RelWithDebInfo|x64
		{91EBD910-5119-3531-A33C-E1344EF45606}.Debug|x64.ActiveCfg = Debug|x64
		{91EBD910-5119-3531-A33C-E1344EF45606}.Debug|x64.Build.0 = Debug|x64
		{91EBD910-5119-3531-A33C-E1344EF45606}.Release|x64.ActiveCfg = Release|x64
		{91EBD910-5119-3531-A33C-E1344EF45606}.Release|x64.Build.0 = Release|x64
		{91EBD910-5119-3531-A33C-E1344EF45606}.MinSizeRel|x64.ActiveCfg = MinSizeRel|x64
		{91EBD910-5119-3531-A33C-E1344EF45606}.MinSizeRel|x64.Build.0 = MinSizeRel|x64
		{91EBD910-5119-3531-A33C-E1344EF45606}.RelWithDebInfo|x64.ActiveCfg = RelWithDebInfo|x64
		{91EBD910-5119-3531-A33C-E1344EF45606}.RelWithDebInfo|x64.Build.0 = RelWithDebInfo|x64
		{F05982BB-5FE6-3D1B-BCFD-A2067C52D1AD}.Debug|x64.ActiveCfg = Debug|x64
		{F05982BB-5FE6-3D1B-BCFD-A2067C52D1AD}.Debug|x64.Build.0 = Debug|x64
		{F05982BB-5FE6-3D1B-BCFD-A2067C52D1AD}.Release|x64.ActiveCfg = Release|x64
		{F05982BB-5FE6-3D1B-BCFD-A2067C52D1AD}.Release|x64.Build.0 = Release|x64
		{F05982BB-5FE6-3D1B-BCFD-A2067C52D1AD}.MinSizeRel|x64.ActiveCfg = MinSizeRel|x64
		{F05982BB-5FE6-3D1B-BCFD-A2067C52D1AD}.MinSizeRel|x64.Build.0 = MinSizeRel|x64
		{F05982BB-5FE6-3D1B-BCFD-A2067C52D1AD}.RelWithDebInfo|x64.ActiveCfg = RelWithDebInfo|x64
		{F05982BB-5FE6-3D1B-BCFD-A2067C52D1AD}.RelWithDebInfo|x64.Build.0 = RelWithDebInfo|x64
		{FD48F4B2-20CD-3032-94C8-47F76B793928}.Debug|x64.ActiveCfg = Debug|x64
		{FD48F4B2-20CD-3032-94C8-47F76B793928}.Debug|x64.Build.0 = Debug|x64
		{FD48F4B2-20CD-3032-94C8-47F76B793928}.Release|x64.ActiveCfg = Release|x64
		{FD48F4B2-20CD-3032-94C8-47F76B793928}.Release|x64.Build.0 = Release|x64
		{FD48F4B2-20CD-3032-94C8-47F76B793928}.MinSizeRel|x64.ActiveCfg = MinSizeRel|x64
		{FD48F4B2-20CD-3032-94C8-47F76B793928}.MinSizeRel|x64.Build.0 = MinSizeRel|x64
		{FD48F4B2-20CD-3032-94C8-47F76B793928}.RelWithDebInfo|x64.ActiveCfg = RelWithDebInfo|x64
		{FD48F4B2-20CD-3032-94C8-47F76B793928}.RelWithDebInfo|x64.Build.0 = RelWithDebInfo|x64
		{1ACB3EC6-0A0D-3A17-81D7-0DFB241C3781}.Debug|x64.ActiveCfg = Debug|x64
		{1ACB3EC6-0A0D-3A17-81D7-0DFB241C3781}.Debug|x64.Build.0 = Debug|x64
		{1ACB3EC6-0A0D-3A17-81D7-0DFB241C3781}.Release|x64.ActiveCfg = Release|x64
		{1ACB3EC6-0A0D-3A17-81D7-0DFB241C3781}.Release|x64.Build.0 = Release|x64
		{1ACB3EC6-0A0D-3A17-81D7-0DFB241C3781}.MinSizeRel|x64.ActiveCfg = MinSizeRel|x64
		{1ACB3EC6-0A0D-3A17-81D7-0DFB241C3781}.MinSizeRel|x64.Build.0 = MinSizeRel|x64
		{1ACB3EC6-0A0D-3A17-81D7-0DFB241C3781}.RelWithDebInfo|x64.ActiveCfg = RelWithDebInfo|x64
		{1ACB3EC6-0A0D-3A17-81D7-0DFB241C3781}.RelWithDebInfo|x64.Build.0 = RelWithDebInfo|x64
		{1008A86F-6FAD-3931-A794-9B19F8CDF6A9}.Debug|x64.ActiveCfg = Debug|x64
		{1008A86F-6FAD-3931-A794-9B19F8CDF6A9}.Release|x64.ActiveCfg = Release|x64
		{1008A86F-6FAD-3931-A794-9B19F8CDF6A9}.MinSizeRel|x64.ActiveCfg = MinSizeRel|x64
		{1008A86F-6FAD-3931-A794-9B19F8CDF6A9}.RelWithDebInfo|x64.ActiveCfg = RelWithDebInfo|x64
		{15170AAB-E2B4-397E-BE0D-CF0FC67848E1}.Debug|x64.ActiveCfg = Debug|x64
		{15170AAB-E2B4-397E-BE0D-CF0FC67848E1}.Debug|x64.Build.0 = Debug|x64
		{15170AAB-E2B4-397E-BE0D-CF0FC67848E1}.Release|x64.ActiveCfg = Release|x64
		{15170AAB-E2B4-397E-BE0D-CF0FC67848E1}.Release|x64.Build.0 = Release|x64
		{15170AAB-E2B4-397E-BE0D-CF0FC67848E1}.MinSizeRel|x64.ActiveCfg = MinSizeRel|x64
		{15170AAB-E2B4-397E-BE0D-CF0FC67848E1}.MinSizeRel|x64.Build.0 = MinSizeRel|x64
		{15170AAB-E2B4-397E-BE0D-CF0FC67848E1}.RelWithDebInfo|x64.ActiveCfg = RelWithDebInfo|x64
		{15170AAB-E2B4-397E-BE0D-CF0FC67848E1}.RelWithDebInfo|x64.Build.0 = RelWithDebInfo|x64
		{D97B3E31-C243-32CF-A7D5-CF270D2C63FB}.Debug|x64.ActiveCfg = Debug|x64
		{D97B3E31-C243-32CF-A7D5-CF270D2C63FB}.Debug|x64.Build.0 = Debug|x64
		{D97B3E31-C243-32CF-A7D5-CF270D2C63FB}.Release|x64.ActiveCfg = Release|x64
		{D97B3E31-C243-32CF-A7D5-CF270D2C63FB}.Release|x64.Build.0 = Release|x64
		{D97B3E31-C243-32CF-A7D5-CF270D2C63FB}.MinSizeRel|x64.ActiveCfg = MinSizeRel|x64
		{D97B3E31-C243-32CF-A7D5-CF270D2C63FB}.MinSizeRel|x64.Build.0 = MinSizeRel|x64
		{D97B3E31-C243-32CF-A7D5-CF270D2C63FB}.RelWithDebInfo|x64.ActiveCfg = RelWithDebInfo|x64
		{D97B3E31-C243-32CF-A7D5-CF270D2C63FB}.RelWithDebInfo|x64.Build.0 = RelWithDebInfo|x64
		{B2DBFA8E-19CA-3F65-BBBB-BE9FBCEABE1B}.Debug|x64.ActiveCfg = Debug|x64
		{B2DBFA8E-19CA-3F65-BBBB-BE9FBCEABE1B}.Debug|x64.Build.0 = Debug|x64
		{B2DBFA8E-19CA-3F65-BBBB-BE9FBCEABE1B}.Release|x64.ActiveCfg = Release|x64
		{B2DBFA8E-19CA-3F65-BBBB-BE9FBCEABE1B}.Release|x64.Build.0 = Release|x64
		{B2DBFA8E-19CA-3F65-BBBB-BE9FBCEABE1B}.MinSizeRel|x64.ActiveCfg = MinSizeRel|x64
		{B2DBFA8E-19CA-3F65-BBBB-BE9FBCEABE1B}.MinSizeRel|x64.Build.0 = MinSizeRel|x64
		{B2DBFA8E-19CA-3F65-BBBB-BE9FBCEABE1B}.RelWithDebInfo|x64.ActiveCfg = RelWithDebInfo|x64
		{B2DBFA8E-19CA-3F65-BBBB-BE9FBCEABE1B}.RelWithDebInfo|x64.Build.0 = RelWithDebInfo|x64
		{8F55A5D8-5E2B-33BC-BBC4-8EA4FD32CDF5}.Debug|x64.ActiveCfg = Debug|x64
		{8F55A5D8-5E2B-33BC-BBC4-8EA4FD32CDF5}.Debug|x64.Build.0 = Debug|x64
		{8F55A5D8-5E2B-33BC-BBC4-8EA4FD32CDF5}.Release|x64.ActiveCfg = Release|x64
		{8F55A5D8-5E2B-33BC-BBC4-8EA4FD32CDF5}.Release|x64.Build.0 = Release|x64
		{8F55A5D8-5E2B-33BC-BBC4-8EA4FD32CDF5}.MinSizeRel|x64.ActiveCfg = MinSizeRel|x64
		{8F55A5D8-5E2B-33BC-BBC4-8EA4FD32CDF5}.MinSizeRel|x64.Build.0 = MinSizeRel|x64
		{8F55A5D8-5E2B-33BC-BBC4-8EA4FD32CDF5}.RelWithDebInfo|x64.ActiveCfg = RelWithDebInfo|x64
		{8F55A5D8-5E2B-33BC-BBC4-8EA4FD32CDF5}.RelWithDebInfo|x64.Build.0 = RelWithDebInfo|x64
		{B51D5067-C603-36F9-B97D-292C1731C8CE}.Debug|x64.ActiveCfg = Debug|x64
		{B51D5067-C603-36F9-B97D-292C1731C8CE}.Debug|x64.Build.0 = Debug|x64
		{B51D5067-C603-36F9-B97D-292C1731C8CE}.Release|x64.ActiveCfg = Release|x64
		{B51D5067-C603-36F9-B97D-292C1731C8CE}.Release|x64.Build.0 = Release|x64
		{B51D5067-C603-36F9-B97D-292C1731C8CE}.MinSizeRel|x64.ActiveCfg = MinSizeRel|x64
		{B51D5067-C603-36F9-B97D-292C1731C8CE}.MinSizeRel|x64.Build.0 = MinSizeRel|x64
		{B51D5067-C603-36F9-B97D-292C1731C8CE}.RelWithDebInfo|x64.ActiveCfg = RelWithDebInfo|x64
		{B51D5067-C603-36F9-B97D-292C1731C8CE}.RelWithDebInfo|x64.Build.0 = RelWithDebInfo|x64
		{D502CA34-D6EF-3108-A4F3-9662244F890B}.Debug|x64.ActiveCfg = Debug|x64
		{D502CA34-D6EF-3108-A4F3-9662244F890B}.Release|x64.ActiveCfg = Release|x64
		{D502CA34-D6EF-3108-A4F3-9662244F890B}.MinSizeRel|x64.ActiveCfg = MinSizeRel|x64
		{D502CA34-D6EF-3108-A4F3-9662244F890B}.RelWithDebInfo|x64.ActiveCfg = RelWithDebInfo|x64
		{6F389274-DEF2-35B5-A927-BEE526411781}.Debug|x64.ActiveCfg = Debug|x64
		{6F389274-DEF2-35B5-A927-BEE526411781}.Debug|x64.Build.0 = Debug|x64
		{6F389274-DEF2-35B5-A927-BEE526411781}.Release|x64.ActiveCfg = Release|x64
		{6F389274-DEF2-35B5-A927-BEE526411781}.Release|x64.Build.0 = Release|x64
		{6F389274-DEF2-35B5-A927-BEE526411781}.MinSizeRel|x64.ActiveCfg = MinSizeRel|x64
		{6F389274-DEF2-35B5-A927-BEE526411781}.MinSizeRel|x64.Build.0 = MinSizeRel|x64
		{6F389274-DEF2-35B5-A927-BEE526411781}.RelWithDebInfo|x64.ActiveCfg = RelWithDebInfo|x64
		{6F389274-DEF2-35B5-A927-BEE526411781}.RelWithDebInfo|x64.Build.0 = RelWithDebInfo|x64
		{F043A444-DEC4-3B63-99D1-278DA1C346C4}.Debug|x64.ActiveCfg = Debug|x64
		{F043A444-DEC4-3B63-99D1-278DA1C346C4}.Debug|x64.Build.0 = Debug|x64
		{F043A444-DEC4-3B63-99D1-278DA1C346C4}.Release|x64.ActiveCfg = Release|x64
		{F043A444-DEC4-3B63-99D1-278DA1C346C4}.Release|x64.Build.0 = Release|x64
		{F043A444-DEC4-3B63-99D1-278DA1C346C4}.MinSizeRel|x64.ActiveCfg = MinSizeRel|x64
		{F043A444-DEC4-3B63-99D1-278DA1C346C4}.MinSizeRel|x64.Build.0 = MinSizeRel|x64
		{F043A444-DEC4-3B63-99D1-278DA1C346C4}.RelWithDebInfo|x64.ActiveCfg = RelWithDebInfo|x64
		{F043A444-DEC4-3B63-99D1-278DA1C346C4}.RelWithDebInfo|x64.Build.0 = RelWithDebInfo|x64
		{A63BC93A-AF4E-397F-B1D7-62091BCF9D65}.Debug|x64.ActiveCfg = Debug|x64
		{A63BC93A-AF4E-397F-B1D7-62091BCF9D65}.Release|x64.ActiveCfg = Release|x64
		{A63BC93A-AF4E-397F-B1D7-62091BCF9D65}.MinSizeRel|x64.ActiveCfg = MinSizeRel|x64
		{A63BC93A-AF4E-397F-B1D7-62091BCF9D65}.RelWithDebInfo|x64.ActiveCfg = RelWithDebInfo|x64
		{53A0D821-3EF1-3791-9D13-C49F629F0504}.Debug|x64.ActiveCfg = Debug|x64
		{53A0D821-3EF1-3791-9D13-C49F629F0504}.Debug|x64.Build.0 = Debug|x64
		{53A0D821-3EF1-3791-9D13-C49F629F0504}.Release|x64.ActiveCfg = Release|x64
		{53A0D821-3EF1-3791-9D13-C49F629F0504}.Release|x64.Build.0 = Release|x64
		{53A0D821-3EF1-3791-9D13-C49F629F0504}.MinSizeRel|x64.ActiveCfg = MinSizeRel|x64
		{53A0D821-3EF1-3791-9D13-C49F629F0504}.MinSizeRel|x64.Build.0 = MinSizeRel|x64
		{53A0D821-3EF1-3791-9D13-C49F629F0504}.RelWithDebInfo|x64.ActiveCfg = RelWithDebInfo|x64
		{53A0D821-3EF1-3791-9D13-C49F629F0504}.RelWithDebInfo|x64.Build.0 = RelWithDebInfo|x64
		{359148FD-75D5-3CA3-8811-1C65607905F6}.Debug|x64.ActiveCfg = Debug|x64
		{359148FD-75D5-3CA3-8811-1C65607905F6}.Debug|x64.Build.0 = Debug|x64
		{359148FD-75D5-3CA3-8811-1C65607905F6}.Release|x64.ActiveCfg = Release|x64
		{359148FD-75D5-3CA3-8811-1C65607905F6}.Release|x64.Build.0 = Release|x64
		{359148FD-75D5-3CA3-8811-1C65607905F6}.MinSizeRel|x64.ActiveCfg = MinSizeRel|x64
		{359148FD-75D5-3CA3-8811-1C65607905F6}.MinSizeRel|x64.Build.0 = MinSizeRel|x64
		{359148FD-75D5-3CA3-8811-1C65607905F6}.RelWithDebInfo|x64.ActiveCfg = RelWithDebInfo|x64
		{359148FD-75D5-3CA3-8811-1C65607905F6}.RelWithDebInfo|x64.Build.0 = RelWithDebInfo|x64
		{468C6C44-E48E-392A-ACFE-7D689F6DEBAF}.Debug|x64.ActiveCfg = Debug|x64
		{468C6C44-E48E-392A-ACFE-7D689F6DEBAF}.Debug|x64.Build.0 = Debug|x64
		{468C6C44-E48E-392A-ACFE-7D689F6DEBAF}.Release|x64.ActiveCfg = Release|x64
		{468C6C44-E48E-392A-ACFE-7D689F6DEBAF}.Release|x64.Build.0 = Release|x64
		{468C6C44-E48E-392A-ACFE-7D689F6DEBAF}.MinSizeRel|x64.ActiveCfg = MinSizeRel|x64
		{468C6C44-E48E-392A-ACFE-7D689F6DEBAF}.MinSizeRel|x64.Build.0 = MinSizeRel|x64
		{468C6C44-E48E-392A-ACFE-7D689F6DEBAF}.RelWithDebInfo|x64.ActiveCfg = RelWithDebInfo|x64
		{468C6C44-E48E-392A-ACFE-7D689F6DEBAF}.RelWithDebInfo|x64.Build.0 = RelWithDebInfo|x64
		{86637185-111D-38B3-9442-4695F8CC557C}.Debug|x64.ActiveCfg = Debug|x64
		{86637185-111D-38B3-9442-4695F8CC557C}.Debug|x64.Build.0 = Debug|x64
		{86637185-111D-38B3-9442-4695F8CC557C}.Release|x64.ActiveCfg = Release|x64
		{86637185-111D-38B3-9442-4695F8CC557C}.Release|x64.Build.0 = Release|x64
		{86637185-111D-38B3-9442-4695F8CC557C}.MinSizeRel|x64.ActiveCfg = MinSizeRel|x64
		{86637185-111D-38B3-9442-4695F8CC557C}.MinSizeRel|x64.Build.0 = MinSizeRel|x64
		{86637185-111D-38B3-9442-4695F8CC557C}.RelWithDebInfo|x64.ActiveCfg = RelWithDebInfo|x64
		{86637185-111D-38B3-9442-4695F8CC557C}.RelWithDebInfo|x64.Build.0 = RelWithDebInfo|x64
		{5AA3EC82-2054-30C6-87EE-38A8CBC42296}.Debug|x64.ActiveCfg = Debug|x64
		{5AA3EC82-2054-30C6-87EE-38A8CBC42296}.Debug|x64.Build.0 = Debug|x64
		{5AA3EC82-2054-30C6-87EE-38A8CBC42296}.Release|x64.ActiveCfg = Release|x64
		{5AA3EC82-2054-30C6-87EE-38A8CBC42296}.Release|x64.Build.0 = Release|x64
		{5AA3EC82-2054-30C6-87EE-38A8CBC42296}.MinSizeRel|x64.ActiveCfg = MinSizeRel|x64
		{5AA3EC82-2054-30C6-87EE-38A8CBC42296}.MinSizeRel|x64.Build.0 = MinSizeRel|x64
		{5AA3EC82-2054-30C6-87EE-38A8CBC42296}.RelWithDebInfo|x64.ActiveCfg = RelWithDebInfo|x64
		{5AA3EC82-2054-30C6-87EE-38A8CBC42296}.RelWithDebInfo|x64.Build.0 = RelWithDebInfo|x64
		{1F00A90D-BDE8-313B-B0F8-44E7742D01FA}.Debug|x64.ActiveCfg = Debug|x64
		{1F00A90D-BDE8-313B-B0F8-44E7742D01FA}.Release|x64.ActiveCfg = Release|x64
		{1F00A90D-BDE8-313B-B0F8-44E7742D01FA}.MinSizeRel|x64.ActiveCfg = MinSizeRel|x64
		{1F00A90D-BDE8-313B-B0F8-44E7742D01FA}.RelWithDebInfo|x64.ActiveCfg = RelWithDebInfo|x64
		{0CE9684B-BF37-36FE-87A0-7FA886B0AC9E}.Debug|x64.ActiveCfg = Debug|x64
		{0CE9684B-BF37-36FE-87A0-7FA886B0AC9E}.Release|x64.ActiveCfg = Release|x64
		{0CE9684B-BF37-36FE-87A0-7FA886B0AC9E}.MinSizeRel|x64.ActiveCfg = MinSizeRel|x64
		{0CE9684B-BF37-36FE-87A0-7FA886B0AC9E}.RelWithDebInfo|x64.ActiveCfg = RelWithDebInfo|x64
		{93443B69-52DA-3FCB-94BD-127D7B319A4A}.Debug|x64.ActiveCfg = Debug|x64
		{93443B69-52DA-3FCB-94BD-127D7B319A4A}.Debug|x64.Build.0 = Debug|x64
		{93443B69-52DA-3FCB-94BD-127D7B319A4A}.Release|x64.ActiveCfg = Release|x64
		{93443B69-52DA-3FCB-94BD-127D7B319A4A}.Release|x64.Build.0 = Release|x64
		{93443B69-52DA-3FCB-94BD-127D7B319A4A}.MinSizeRel|x64.ActiveCfg = MinSizeRel|x64
		{93443B69-52DA-3FCB-94BD-127D7B319A4A}.MinSizeRel|x64.Build.0 = MinSizeRel|x64
		{93443B69-52DA-3FCB-94BD-127D7B319A4A}.RelWithDebInfo|x64.ActiveCfg = RelWithDebInfo|x64
		{93443B69-52DA-3FCB-94BD-127D7B319A4A}.RelWithDebInfo|x64.Build.0 = RelWithDebInfo|x64
		{FB385427-4F00-365E-82D0-7C7E739F0417}.Debug|x64.ActiveCfg = Debug|x64
		{FB385427-4F00-365E-82D0-7C7E739F0417}.Debug|x64.Build.0 = Debug|x64
		{FB385427-4F00-365E-82D0-7C7E739F0417}.Release|x64.ActiveCfg = Release|x64
		{FB385427-4F00-365E-82D0-7C7E739F0417}.Release|x64.Build.0 = Release|x64
		{FB385427-4F00-365E-82D0-7C7E739F0417}.MinSizeRel|x64.ActiveCfg = MinSizeRel|x64
		{FB385427-4F00-365E-82D0-7C7E739F0417}.MinSizeRel|x64.Build.0 = MinSizeRel|x64
		{FB385427-4F00-365E-82D0-7C7E739F0417}.RelWithDebInfo|x64.ActiveCfg = RelWithDebInfo|x64
		{FB385427-4F00-365E-82D0-7C7E739F0417}.RelWithDebInfo|x64.Build.0 = RelWithDebInfo|x64
		{B29852D1-7B81-3142-8378-C2F83B4DE9F8}.Debug|x64.ActiveCfg = Debug|x64
		{B29852D1-7B81-3142-8378-C2F83B4DE9F8}.Debug|x64.Build.0 = Debug|x64
		{B29852D1-7B81-3142-8378-C2F83B4DE9F8}.Release|x64.ActiveCfg = Release|x64
		{B29852D1-7B81-3142-8378-C2F83B4DE9F8}.Release|x64.Build.0 = Release|x64
		{B29852D1-7B81-3142-8378-C2F83B4DE9F8}.MinSizeRel|x64.ActiveCfg = MinSizeRel|x64
		{B29852D1-7B81-3142-8378-C2F83B4DE9F8}.MinSizeRel|x64.Build.0 = MinSizeRel|x64
		{B29852D1-7B81-3142-8378-C2F83B4DE9F8}.RelWithDebInfo|x64.ActiveCfg = RelWithDebInfo|x64
		{B29852D1-7B81-3142-8378-C2F83B4DE9F8}.RelWithDebInfo|x64.Build.0 = RelWithDebInfo|x64
		{023F2D63-FC86-38B1-99F2-5F3E061F5803}.Debug|x64.ActiveCfg = Debug|x64
		{023F2D63-FC86-38B1-99F2-5F3E061F5803}.Debug|x64.Build.0 = Debug|x64
		{023F2D63-FC86-38B1-99F2-5F3E061F5803}.Release|x64.ActiveCfg = Release|x64
		{023F2D63-FC86-38B1-99F2-5F3E061F5803}.Release|x64.Build.0 = Release|x64
		{023F2D63-FC86-38B1-99F2-5F3E061F5803}.MinSizeRel|x64.ActiveCfg = MinSizeRel|x64
		{023F2D63-FC86-38B1-99F2-5F3E061F5803}.MinSizeRel|x64.Build.0 = MinSizeRel|x64
		{023F2D63-FC86-38B1-99F2-5F3E061F5803}.RelWithDebInfo|x64.ActiveCfg = RelWithDebInfo|x64
		{023F2D63-FC86-38B1-99F2-5F3E061F5803}.RelWithDebInfo|x64.Build.0 = RelWithDebInfo|x64
		{0DE81951-7BF5-39F5-BF21-35FF7D6D8C2C}.Debug|x64.ActiveCfg = Debug|x64
		{0DE81951-7BF5-39F5-BF21-35FF7D6D8C2C}.Debug|x64.Build.0 = Debug|x64
		{0DE81951-7BF5-39F5-BF21-35FF7D6D8C2C}.Release|x64.ActiveCfg = Release|x64
		{0DE81951-7BF5-39F5-BF21-35FF7D6D8C2C}.Release|x64.Build.0 = Release|x64
		{0DE81951-7BF5-39F5-BF21-35FF7D6D8C2C}.MinSizeRel|x64.ActiveCfg = MinSizeRel|x64
		{0DE81951-7BF5-39F5-BF21-35FF7D6D8C2C}.MinSizeRel|x64.Build.0 = MinSizeRel|x64
		{0DE81951-7BF5-39F5-BF21-35FF7D6D8C2C}.RelWithDebInfo|x64.ActiveCfg = RelWithDebInfo|x64
		{0DE81951-7BF5-39F5-BF21-35FF7D6D8C2C}.RelWithDebInfo|x64.Build.0 = RelWithDebInfo|x64
		{142B4166-01C8-3E6D-A339-DC48C989DB28}.Debug|x64.ActiveCfg = Debug|x64
		{142B4166-01C8-3E6D-A339-DC48C989DB28}.Release|x64.ActiveCfg = Release|x64
		{142B4166-01C8-3E6D-A339-DC48C989DB28}.MinSizeRel|x64.ActiveCfg = MinSizeRel|x64
		{142B4166-01C8-3E6D-A339-DC48C989DB28}.RelWithDebInfo|x64.ActiveCfg = RelWithDebInfo|x64
		{1F9C7D8A-45B2-35A7-B8D9-0D526354231A}.Debug|x64.ActiveCfg = Debug|x64
		{1F9C7D8A-45B2-35A7-B8D9-0D526354231A}.Debug|x64.Build.0 = Debug|x64
		{1F9C7D8A-45B2-35A7-B8D9-0D526354231A}.Release|x64.ActiveCfg = Release|x64
		{1F9C7D8A-45B2-35A7-B8D9-0D526354231A}.Release|x64.Build.0 = Release|x64
		{1F9C7D8A-45B2-35A7-B8D9-0D526354231A}.MinSizeRel|x64.ActiveCfg = MinSizeRel|x64
		{1F9C7D8A-45B2-35A7-B8D9-0D526354231A}.MinSizeRel|x64.Build.0 = MinSizeRel|x64
		{1F9C7D8A-45B2-35A7-B8D9-0D526354231A}.RelWithDebInfo|x64.ActiveCfg = RelWithDebInfo|x64
		{1F9C7D8A-45B2-35A7-B8D9-0D526354231A}.RelWithDebInfo|x64.Build.0 = RelWithDebInfo|x64
		{B1F7F96F-34D4-3D8F-B26C-823196F6CB3A}.Debug|x64.ActiveCfg = Debug|x64
		{B1F7F96F-34D4-3D8F-B26C-823196F6CB3A}.Debug|x64.Build.0 = Debug|x64
		{B1F7F96F-34D4-3D8F-B26C-823196F6CB3A}.Release|x64.ActiveCfg = Release|x64
		{B1F7F96F-34D4-3D8F-B26C-823196F6CB3A}.Release|x64.Build.0 = Release|x64
		{B1F7F96F-34D4-3D8F-B26C-823196F6CB3A}.MinSizeRel|x64.ActiveCfg = MinSizeRel|x64
		{B1F7F96F-34D4-3D8F-B26C-823196F6CB3A}.MinSizeRel|x64.Build.0 = MinSizeRel|x64
		{B1F7F96F-34D4-3D8F-B26C-823196F6CB3A}.RelWithDebInfo|x64.ActiveCfg = RelWithDebInfo|x64
		{B1F7F96F-34D4-3D8F-B26C-823196F6CB3A}.RelWithDebInfo|x64.Build.0 = RelWithDebInfo|x64
		{B36E07F9-9ACC-38F8-9616-42A5ED1B869A}.Debug|x64.ActiveCfg = Debug|x64
		{B36E07F9-9ACC-38F8-9616-42A5ED1B869A}.Debug|x64.Build.0 = Debug|x64
		{B36E07F9-9ACC-38F8-9616-42A5ED1B869A}.Release|x64.ActiveCfg = Release|x64
		{B36E07F9-9ACC-38F8-9616-42A5ED1B869A}.Release|x64.Build.0 = Release|x64
		{B36E07F9-9ACC-38F8-9616-42A5ED1B869A}.MinSizeRel|x64.ActiveCfg = MinSizeRel|x64
		{B36E07F9-9ACC-38F8-9616-42A5ED1B869A}.MinSizeRel|x64.Build.0 = MinSizeRel|x64
		{B36E07F9-9ACC-38F8-9616-42A5ED1B869A}.RelWithDebInfo|x64.ActiveCfg = RelWithDebInfo|x64
		{B36E07F9-9ACC-38F8-9616-42A5ED1B869A}.RelWithDebInfo|x64.Build.0 = RelWithDebInfo|x64
		{DCD1C2F4-B9AE-36DA-B777-42CB3EE7D377}.Debug|x64.ActiveCfg = Debug|x64
		{DCD1C2F4-B9AE-36DA-B777-42CB3EE7D377}.Debug|x64.Build.0 = Debug|x64
		{DCD1C2F4-B9AE-36DA-B777-42CB3EE7D377}.Release|x64.ActiveCfg = Release|x64
		{DCD1C2F4-B9AE-36DA-B777-42CB3EE7D377}.Release|x64.Build.0 = Release|x64
		{DCD1C2F4-B9AE-36DA-B777-42CB3EE7D377}.MinSizeRel|x64.ActiveCfg = MinSizeRel|x64
		{DCD1C2F4-B9AE-36DA-B777-42CB3EE7D377}.MinSizeRel|x64.Build.0 = MinSizeRel|x64
		{DCD1C2F4-B9AE-36DA-B777-42CB3EE7D377}.RelWithDebInfo|x64.ActiveCfg = RelWithDebInfo|x64
		{DCD1C2F4-B9AE-36DA-B777-42CB3EE7D377}.RelWithDebInfo|x64.Build.0 = RelWithDebInfo|x64
		{EC2AFAD8-A4B5-3D8B-8011-DA3D28C1E36E}.Debug|x64.ActiveCfg = Debug|x64
		{EC2AFAD8-A4B5-3D8B-8011-DA3D28C1E36E}.Debug|x64.Build.0 = Debug|x64
		{EC2AFAD8-A4B5-3D8B-8011-DA3D28C1E36E}.Release|x64.ActiveCfg = Release|x64
		{EC2AFAD8-A4B5-3D8B-8011-DA3D28C1E36E}.Release|x64.Build.0 = Release|x64
		{EC2AFAD8-A4B5-3D8B-8011-DA3D28C1E36E}.MinSizeRel|x64.ActiveCfg = MinSizeRel|x64
		{EC2AFAD8-A4B5-3D8B-8011-DA3D28C1E36E}.MinSizeRel|x64.Build.0 = MinSizeRel|x64
		{EC2AFAD8-A4B5-3D8B-8011-DA3D28C1E36E}.RelWithDebInfo|x64.ActiveCfg = RelWithDebInfo|x64
		{EC2AFAD8-A4B5-3D8B-8011-DA3D28C1E36E}.RelWithDebInfo|x64.Build.0 = RelWithDebInfo|x64
		{3D578225-DA94-3BD3-9AA3-6B25ACB2AAA5}.Debug|x64.ActiveCfg = Debug|x64
		{3D578225-DA94-3BD3-9AA3-6B25ACB2AAA5}.Debug|x64.Build.0 = Debug|x64
		{3D578225-DA94-3BD3-9AA3-6B25ACB2AAA5}.Release|x64.ActiveCfg = Release|x64
		{3D578225-DA94-3BD3-9AA3-6B25ACB2AAA5}.Release|x64.Build.0 = Release|x64
		{3D578225-DA94-3BD3-9AA3-6B25ACB2AAA5}.MinSizeRel|x64.ActiveCfg = MinSizeRel|x64
		{3D578225-DA94-3BD3-9AA3-6B25ACB2AAA5}.MinSizeRel|x64.Build.0 = MinSizeRel|x64
		{3D578225-DA94-3BD3-9AA3-6B25ACB2AAA5}.RelWithDebInfo|x64.ActiveCfg = RelWithDebInfo|x64
		{3D578225-DA94-3BD3-9AA3-6B25ACB2AAA5}.RelWithDebInfo|x64.Build.0 = RelWithDebInfo|x64
		{E1C12B97-FA99-3FF9-A326-E47CA304ACE7}.Debug|x64.ActiveCfg = Debug|x64
		{E1C12B97-FA99-3FF9-A326-E47CA304ACE7}.Debug|x64.Build.0 = Debug|x64
		{E1C12B97-FA99-3FF9-A326-E47CA304ACE7}.Release|x64.ActiveCfg = Release|x64
		{E1C12B97-FA99-3FF9-A326-E47CA304ACE7}.Release|x64.Build.0 = Release|x64
		{E1C12B97-FA99-3FF9-A326-E47CA304ACE7}.MinSizeRel|x64.ActiveCfg = MinSizeRel|x64
		{E1C12B97-FA99-3FF9-A326-E47CA304ACE7}.MinSizeRel|x64.Build.0 = MinSizeRel|x64
		{E1C12B97-FA99-3FF9-A326-E47CA304ACE7}.RelWithDebInfo|x64.ActiveCfg = RelWithDebInfo|x64
		{E1C12B97-FA99-3FF9-A326-E47CA304ACE7}.RelWithDebInfo|x64.Build.0 = RelWithDebInfo|x64
		{553D66C5-738C-3A98-ADA0-15733A1C7FD0}.Debug|x64.ActiveCfg = Debug|x64
		{553D66C5-738C-3A98-ADA0-15733A1C7FD0}.Debug|x64.Build.0 = Debug|x64
		{553D66C5-738C-3A98-ADA0-15733A1C7FD0}.Release|x64.ActiveCfg = Release|x64
		{553D66C5-738C-3A98-ADA0-15733A1C7FD0}.Release|x64.Build.0 = Release|x64
		{553D66C5-738C-3A98-ADA0-15733A1C7FD0}.MinSizeRel|x64.ActiveCfg = MinSizeRel|x64
		{553D66C5-738C-3A98-ADA0-15733A1C7FD0}.MinSizeRel|x64.Build.0 = MinSizeRel|x64
		{553D66C5-738C-3A98-ADA0-15733A1C7FD0}.RelWithDebInfo|x64.ActiveCfg = RelWithDebInfo|x64
		{553D66C5-738C-3A98-ADA0-15733A1C7FD0}.RelWithDebInfo|x64.Build.0 = RelWithDebInfo|x64
		{2556B5F9-21AA-382B-8737-8291D2620803}.Debug|x64.ActiveCfg = Debug|x64
		{2556B5F9-21AA-382B-8737-8291D2620803}.Debug|x64.Build.0 = Debug|x64
		{2556B5F9-21AA-382B-8737-8291D2620803}.Release|x64.ActiveCfg = Release|x64
		{2556B5F9-21AA-382B-8737-8291D2620803}.Release|x64.Build.0 = Release|x64
		{2556B5F9-21AA-382B-8737-8291D2620803}.MinSizeRel|x64.ActiveCfg = MinSizeRel|x64
		{2556B5F9-21AA-382B-8737-8291D2620803}.MinSizeRel|x64.Build.0 = MinSizeRel|x64
		{2556B5F9-21AA-382B-8737-8291D2620803}.RelWithDebInfo|x64.ActiveCfg = RelWithDebInfo|x64
		{2556B5F9-21AA-382B-8737-8291D2620803}.RelWithDebInfo|x64.Build.0 = RelWithDebInfo|x64
		{88297916-3ADF-35F5-AEE3-264976C54DF6}.Debug|x64.ActiveCfg = Debug|x64
		{88297916-3ADF-35F5-AEE3-264976C54DF6}.Debug|x64.Build.0 = Debug|x64
		{88297916-3ADF-35F5-AEE3-264976C54DF6}.Release|x64.ActiveCfg = Release|x64
		{88297916-3ADF-35F5-AEE3-264976C54DF6}.Release|x64.Build.0 = Release|x64
		{88297916-3ADF-35F5-AEE3-264976C54DF6}.MinSizeRel|x64.ActiveCfg = MinSizeRel|x64
		{88297916-3ADF-35F5-AEE3-264976C54DF6}.MinSizeRel|x64.Build.0 = MinSizeRel|x64
		{88297916-3ADF-35F5-AEE3-264976C54DF6}.RelWithDebInfo|x64.ActiveCfg = RelWithDebInfo|x64
		{88297916-3ADF-35F5-AEE3-264976C54DF6}.RelWithDebInfo|x64.Build.0 = RelWithDebInfo|x64
		{C896AA6E-5EF7-3286-B175-D63659F75F2D}.Debug|x64.ActiveCfg = Debug|x64
		{C896AA6E-5EF7-3286-B175-D63659F75F2D}.Debug|x64.Build.0 = Debug|x64
		{C896AA6E-5EF7-3286-B175-D63659F75F2D}.Release|x64.ActiveCfg = Release|x64
		{C896AA6E-5EF7-3286-B175-D63659F75F2D}.Release|x64.Build.0 = Release|x64
		{C896AA6E-5EF7-3286-B175-D63659F75F2D}.MinSizeRel|x64.ActiveCfg = MinSizeRel|x64
		{C896AA6E-5EF7-3286-B175-D63659F75F2D}.MinSizeRel|x64.Build.0 = MinSizeRel|x64
		{C896AA6E-5EF7-3286-B175-D63659F75F2D}.RelWithDebInfo|x64.ActiveCfg = RelWithDebInfo|x64
		{C896AA6E-5EF7-3286-B175-D63659F75F2D}.RelWithDebInfo|x64.Build.0 = RelWithDebInfo|x64
		{A541FCB8-55B4-381E-AEB4-560634A8850C}.Debug|x64.ActiveCfg = Debug|x64
		{A541FCB8-55B4-381E-AEB4-560634A8850C}.Debug|x64.Build.0 = Debug|x64
		{A541FCB8-55B4-381E-AEB4-560634A8850C}.Release|x64.ActiveCfg = Release|x64
		{A541FCB8-55B4-381E-AEB4-560634A8850C}.Release|x64.Build.0 = Release|x64
		{A541FCB8-55B4-381E-AEB4-560634A8850C}.MinSizeRel|x64.ActiveCfg = MinSizeRel|x64
		{A541FCB8-55B4-381E-AEB4-560634A8850C}.MinSizeRel|x64.Build.0 = MinSizeRel|x64
		{A541FCB8-55B4-381E-AEB4-560634A8850C}.RelWithDebInfo|x64.ActiveCfg = RelWithDebInfo|x64
		{A541FCB8-55B4-381E-AEB4-560634A8850C}.RelWithDebInfo|x64.Build.0 = RelWithDebInfo|x64
		{AEA186D7-ED81-3857-87DA-B735B5A26613}.Debug|x64.ActiveCfg = Debug|x64
		{AEA186D7-ED81-3857-87DA-B735B5A26613}.Debug|x64.Build.0 = Debug|x64
		{AEA186D7-ED81-3857-87DA-B735B5A26613}.Release|x64.ActiveCfg = Release|x64
		{AEA186D7-ED81-3857-87DA-B735B5A26613}.Release|x64.Build.0 = Release|x64
		{AEA186D7-ED81-3857-87DA-B735B5A26613}.MinSizeRel|x64.ActiveCfg = MinSizeRel|x64
		{AEA186D7-ED81-3857-87DA-B735B5A26613}.MinSizeRel|x64.Build.0 = MinSizeRel|x64
		{AEA186D7-ED81-3857-87DA-B735B5A26613}.RelWithDebInfo|x64.ActiveCfg = RelWithDebInfo|x64
		{AEA186D7-ED81-3857-87DA-B735B5A26613}.RelWithDebInfo|x64.Build.0 = RelWithDebInfo|x64
		{36DC48FA-9F51-3ED1-914A-331DBDF692F7}.Debug|x64.ActiveCfg = Debug|x64
		{36DC48FA-9F51-3ED1-914A-331DBDF692F7}.Release|x64.ActiveCfg = Release|x64
		{36DC48FA-9F51-3ED1-914A-331DBDF692F7}.MinSizeRel|x64.ActiveCfg = MinSizeRel|x64
		{36DC48FA-9F51-3ED1-914A-331DBDF692F7}.RelWithDebInfo|x64.ActiveCfg = RelWithDebInfo|x64
		{D58CF932-D8A7-33E8-B004-31223BA6EB53}.Debug|x64.ActiveCfg = Debug|x64
		{D58CF932-D8A7-33E8-B004-31223BA6EB53}.Debug|x64.Build.0 = Debug|x64
		{D58CF932-D8A7-33E8-B004-31223BA6EB53}.Release|x64.ActiveCfg = Release|x64
		{D58CF932-D8A7-33E8-B004-31223BA6EB53}.Release|x64.Build.0 = Release|x64
		{D58CF932-D8A7-33E8-B004-31223BA6EB53}.MinSizeRel|x64.ActiveCfg = MinSizeRel|x64
		{D58CF932-D8A7-33E8-B004-31223BA6EB53}.MinSizeRel|x64.Build.0 = MinSizeRel|x64
		{D58CF932-D8A7-33E8-B004-31223BA6EB53}.RelWithDebInfo|x64.ActiveCfg = RelWithDebInfo|x64
		{D58CF932-D8A7-33E8-B004-31223BA6EB53}.RelWithDebInfo|x64.Build.0 = RelWithDebInfo|x64
		{4BD27149-7B49-356E-80D2-EE865B8C3AF9}.Debug|x64.ActiveCfg = Debug|x64
		{4BD27149-7B49-356E-80D2-EE865B8C3AF9}.Debug|x64.Build.0 = Debug|x64
		{4BD27149-7B49-356E-80D2-EE865B8C3AF9}.Release|x64.ActiveCfg = Release|x64
		{4BD27149-7B49-356E-80D2-EE865B8C3AF9}.Release|x64.Build.0 = Release|x64
		{4BD27149-7B49-356E-80D2-EE865B8C3AF9}.MinSizeRel|x64.ActiveCfg = MinSizeRel|x64
		{4BD27149-7B49-356E-80D2-EE865B8C3AF9}.MinSizeRel|x64.Build.0 = MinSizeRel|x64
		{4BD27149-7B49-356E-80D2-EE865B8C3AF9}.RelWithDebInfo|x64.ActiveCfg = RelWithDebInfo|x64
		{4BD27149-7B49-356E-80D2-EE865B8C3AF9}.RelWithDebInfo|x64.Build.0 = RelWithDebInfo|x64
		{4525BB8D-D713-3416-BE98-7BAE628EEF62}.Debug|x64.ActiveCfg = Debug|x64
		{4525BB8D-D713-3416-BE98-7BAE628EEF62}.Release|x64.ActiveCfg = Release|x64
		{4525BB8D-D713-3416-BE98-7BAE628EEF62}.MinSizeRel|x64.ActiveCfg = MinSizeRel|x64
		{4525BB8D-D713-3416-BE98-7BAE628EEF62}.RelWithDebInfo|x64.ActiveCfg = RelWithDebInfo|x64
		{35A3DCBB-B94D-3647-8705-920D98469C10}.Debug|x64.ActiveCfg = Debug|x64
		{35A3DCBB-B94D-3647-8705-920D98469C10}.Debug|x64.Build.0 = Debug|x64
		{35A3DCBB-B94D-3647-8705-920D98469C10}.Release|x64.ActiveCfg = Release|x64
		{35A3DCBB-B94D-3647-8705-920D98469C10}.Release|x64.Build.0 = Release|x64
		{35A3DCBB-B94D-3647-8705-920D98469C10}.MinSizeRel|x64.ActiveCfg = MinSizeRel|x64
		{35A3DCBB-B94D-3647-8705-920D98469C10}.MinSizeRel|x64.Build.0 = MinSizeRel|x64
		{35A3DCBB-B94D-3647-8705-920D98469C10}.RelWithDebInfo|x64.ActiveCfg = RelWithDebInfo|x64
		{35A3DCBB-B94D-3647-8705-920D98469C10}.RelWithDebInfo|x64.Build.0 = RelWithDebInfo|x64
		{D2B51E11-C1F8-3244-A7D5-09BB9D443978}.Debug|x64.ActiveCfg = Debug|x64
		{D2B51E11-C1F8-3244-A7D5-09BB9D443978}.Debug|x64.Build.0 = Debug|x64
		{D2B51E11-C1F8-3244-A7D5-09BB9D443978}.Release|x64.ActiveCfg = Release|x64
		{D2B51E11-C1F8-3244-A7D5-09BB9D443978}.Release|x64.Build.0 = Release|x64
		{D2B51E11-C1F8-3244-A7D5-09BB9D443978}.MinSizeRel|x64.ActiveCfg = MinSizeRel|x64
		{D2B51E11-C1F8-3244-A7D5-09BB9D443978}.MinSizeRel|x64.Build.0 = MinSizeRel|x64
		{D2B51E11-C1F8-3244-A7D5-09BB9D443978}.RelWithDebInfo|x64.ActiveCfg = RelWithDebInfo|x64
		{D2B51E11-C1F8-3244-A7D5-09BB9D443978}.RelWithDebInfo|x64.Build.0 = RelWithDebInfo|x64
		{50E39159-3676-393D-8CF3-6648B54E10A1}.Debug|x64.ActiveCfg = Debug|x64
		{50E39159-3676-393D-8CF3-6648B54E10A1}.Debug|x64.Build.0 = Debug|x64
		{50E39159-3676-393D-8CF3-6648B54E10A1}.Release|x64.ActiveCfg = Release|x64
		{50E39159-3676-393D-8CF3-6648B54E10A1}.Release|x64.Build.0 = Release|x64
		{50E39159-3676-393D-8CF3-6648B54E10A1}.MinSizeRel|x64.ActiveCfg = MinSizeRel|x64
		{50E39159-3676-393D-8CF3-6648B54E10A1}.MinSizeRel|x64.Build.0 = MinSizeRel|x64
		{50E39159-3676-393D-8CF3-6648B54E10A1}.RelWithDebInfo|x64.ActiveCfg = RelWithDebInfo|x64
		{50E39159-3676-393D-8CF3-6648B54E10A1}.RelWithDebInfo|x64.Build.0 = RelWithDebInfo|x64
		{DAAFB5C5-9254-33E1-A1C9-DBC2373836E1}.Debug|x64.ActiveCfg = Debug|x64
		{DAAFB5C5-9254-33E1-A1C9-DBC2373836E1}.Debug|x64.Build.0 = Debug|x64
		{DAAFB5C5-9254-33E1-A1C9-DBC2373836E1}.Release|x64.ActiveCfg = Release|x64
		{DAAFB5C5-9254-33E1-A1C9-DBC2373836E1}.Release|x64.Build.0 = Release|x64
		{DAAFB5C5-9254-33E1-A1C9-DBC2373836E1}.MinSizeRel|x64.ActiveCfg = MinSizeRel|x64
		{DAAFB5C5-9254-33E1-A1C9-DBC2373836E1}.MinSizeRel|x64.Build.0 = MinSizeRel|x64
		{DAAFB5C5-9254-33E1-A1C9-DBC2373836E1}.RelWithDebInfo|x64.ActiveCfg = RelWithDebInfo|x64
		{DAAFB5C5-9254-33E1-A1C9-DBC2373836E1}.RelWithDebInfo|x64.Build.0 = RelWithDebInfo|x64
	EndGlobalSection
	GlobalSection(NestedProjects) = preSolution
		{F71346B3-5802-3005-A3FD-E2845BA07999} = {FFE77E05-B08D-39CB-B91A-F5E21FF547C0}
		{A63BC93A-AF4E-397F-B1D7-62091BCF9D65} = {FFE77E05-B08D-39CB-B91A-F5E21FF547C0}
		{142B4166-01C8-3E6D-A339-DC48C989DB28} = {FFE77E05-B08D-39CB-B91A-F5E21FF547C0}
		{AEA186D7-ED81-3857-87DA-B735B5A26613} = {FFE77E05-B08D-39CB-B91A-F5E21FF547C0}
		{1008A86F-6FAD-3931-A794-9B19F8CDF6A9} = {9E459875-533F-3A24-B498-F8E4BAEF6F1F}
		{D502CA34-D6EF-3108-A4F3-9662244F890B} = {9E459875-533F-3A24-B498-F8E4BAEF6F1F}
		{1F00A90D-BDE8-313B-B0F8-44E7742D01FA} = {9E459875-533F-3A24-B498-F8E4BAEF6F1F}
		{0CE9684B-BF37-36FE-87A0-7FA886B0AC9E} = {9E459875-533F-3A24-B498-F8E4BAEF6F1F}
		{3D578225-DA94-3BD3-9AA3-6B25ACB2AAA5} = {B61301C9-5250-3CC0-840F-44EF985C9875}
		{E1C12B97-FA99-3FF9-A326-E47CA304ACE7} = {B61301C9-5250-3CC0-840F-44EF985C9875}
		{4BD27149-7B49-356E-80D2-EE865B8C3AF9} = {B61301C9-5250-3CC0-840F-44EF985C9875}
		{F05982BB-5FE6-3D1B-BCFD-A2067C52D1AD} = {3596AE0B-74E1-39A0-8BD0-A16E15D81E4D}
		{15170AAB-E2B4-397E-BE0D-CF0FC67848E1} = {3596AE0B-74E1-39A0-8BD0-A16E15D81E4D}
		{8F55A5D8-5E2B-33BC-BBC4-8EA4FD32CDF5} = {3596AE0B-74E1-39A0-8BD0-A16E15D81E4D}
		{86637185-111D-38B3-9442-4695F8CC557C} = {3596AE0B-74E1-39A0-8BD0-A16E15D81E4D}
		{5AA3EC82-2054-30C6-87EE-38A8CBC42296} = {3596AE0B-74E1-39A0-8BD0-A16E15D81E4D}
		{B29852D1-7B81-3142-8378-C2F83B4DE9F8} = {3596AE0B-74E1-39A0-8BD0-A16E15D81E4D}
		{1F9C7D8A-45B2-35A7-B8D9-0D526354231A} = {3596AE0B-74E1-39A0-8BD0-A16E15D81E4D}
		{91EBD910-5119-3531-A33C-E1344EF45606} = {26BCC629-8911-3158-B578-E5809043E3D3}
		{FD48F4B2-20CD-3032-94C8-47F76B793928} = {26BCC629-8911-3158-B578-E5809043E3D3}
		{D97B3E31-C243-32CF-A7D5-CF270D2C63FB} = {26BCC629-8911-3158-B578-E5809043E3D3}
		{B2DBFA8E-19CA-3F65-BBBB-BE9FBCEABE1B} = {26BCC629-8911-3158-B578-E5809043E3D3}
		{B51D5067-C603-36F9-B97D-292C1731C8CE} = {26BCC629-8911-3158-B578-E5809043E3D3}
		{6F389274-DEF2-35B5-A927-BEE526411781} = {26BCC629-8911-3158-B578-E5809043E3D3}
		{53A0D821-3EF1-3791-9D13-C49F629F0504} = {26BCC629-8911-3158-B578-E5809043E3D3}
		{359148FD-75D5-3CA3-8811-1C65607905F6} = {26BCC629-8911-3158-B578-E5809043E3D3}
		{93443B69-52DA-3FCB-94BD-127D7B319A4A} = {26BCC629-8911-3158-B578-E5809043E3D3}
		{023F2D63-FC86-38B1-99F2-5F3E061F5803} = {26BCC629-8911-3158-B578-E5809043E3D3}
		{B1F7F96F-34D4-3D8F-B26C-823196F6CB3A} = {26BCC629-8911-3158-B578-E5809043E3D3}
		{DCD1C2F4-B9AE-36DA-B777-42CB3EE7D377} = {26BCC629-8911-3158-B578-E5809043E3D3}
		{553D66C5-738C-3A98-ADA0-15733A1C7FD0} = {26BCC629-8911-3158-B578-E5809043E3D3}
		{2556B5F9-21AA-382B-8737-8291D2620803} = {26BCC629-8911-3158-B578-E5809043E3D3}
		{C896AA6E-5EF7-3286-B175-D63659F75F2D} = {26BCC629-8911-3158-B578-E5809043E3D3}
		{1ACB3EC6-0A0D-3A17-81D7-0DFB241C3781} = {3C3BA7A2-2B47-32DD-97CA-3B540F414756}
		{F043A444-DEC4-3B63-99D1-278DA1C346C4} = {3C3BA7A2-2B47-32DD-97CA-3B540F414756}
		{468C6C44-E48E-392A-ACFE-7D689F6DEBAF} = {3C3BA7A2-2B47-32DD-97CA-3B540F414756}
		{FB385427-4F00-365E-82D0-7C7E739F0417} = {3C3BA7A2-2B47-32DD-97CA-3B540F414756}
		{0DE81951-7BF5-39F5-BF21-35FF7D6D8C2C} = {3C3BA7A2-2B47-32DD-97CA-3B540F414756}
		{B36E07F9-9ACC-38F8-9616-42A5ED1B869A} = {3C3BA7A2-2B47-32DD-97CA-3B540F414756}
		{EC2AFAD8-A4B5-3D8B-8011-DA3D28C1E36E} = {3C3BA7A2-2B47-32DD-97CA-3B540F414756}
		{88297916-3ADF-35F5-AEE3-264976C54DF6} = {3C3BA7A2-2B47-32DD-97CA-3B540F414756}
		{A541FCB8-55B4-381E-AEB4-560634A8850C} = {3C3BA7A2-2B47-32DD-97CA-3B540F414756}
		{36DC48FA-9F51-3ED1-914A-331DBDF692F7} = {995C70A4-520D-3E06-8F32-3EAFC6784509}
		{4525BB8D-D713-3416-BE98-7BAE628EEF62} = {995C70A4-520D-3E06-8F32-3EAFC6784509}
		{35A3DCBB-B94D-3647-8705-920D98469C10} = {3A9F3463-001A-315C-BDC3-650542B3EBBC}
		{D2B51E11-C1F8-3244-A7D5-09BB9D443978} = {3A9F3463-001A-315C-BDC3-650542B3EBBC}
		{50E39159-3676-393D-8CF3-6648B54E10A1} = {3A9F3463-001A-315C-BDC3-650542B3EBBC}
		{DAAFB5C5-9254-33E1-A1C9-DBC2373836E1} = {3A9F3463-001A-315C-BDC3-650542B3EBBC}
	EndGlobalSection
	GlobalSection(ExtensibilityGlobals) = postSolution
		SolutionGuid = {2127DC88-853A-342F-A209-C1CAF1A31D30}
	EndGlobalSection
	GlobalSection(ExtensibilityAddIns) = postSolution
	EndGlobalSection
EndGlobal
